
Microsoft Visual Studio Solution File, Format Version 11.00
# Visual Studio 2010
Project("{8BC9CEB8-8B4A-11D0-8D11-00A0C91BC942}") = "ACSCSpii", "ACSCSpii\ACSCSpii.vcxproj", "{28B3AAEF-32BE-91D9-3256-E15FB761A96A}"
EndProject
Project("{8BC9CEB8-8B4A-11D0-8D11-00A0C91BC942}") = "AlgStandard", "AlgStandard\AlgStandard.vcxproj", "{A4F03C60-95C9-6EE5-AF87-146243BDB0CE}"
	ProjectSection(ProjectDependencies) = postProject
		{83D89454-E356-0D2D-FBE3-2F13E7C31E2B} = {83D89454-E356-0D2D-FBE3-2F13E7C31E2B}
		{8765E867-A958-EA11-3B91-2D0D7DC9C760} = {8765E867-A958-EA11-3B91-2D0D7DC9C760}
		{7979C693-E5B1-588F-EFC0-E6F9290BD666} = {7979C693-E5B1-588F-EFC0-E6F9290BD666}
		{B0A77A92-7778-84E2-2369-98FCB713E258} = {B0A77A92-7778-84E2-2369-98FCB713E258}
		{4A2D1387-CBB3-39C3-9F06-105931CC787A} = {4A2D1387-CBB3-39C3-9F06-105931CC787A}
	EndProjectSection
EndProject
Project("{8BC9CEB8-8B4A-11D0-8D11-00A0C91BC942}") = "Database", "Database\Database.vcxproj", "{B0A77A92-7778-84E2-2369-98FCB713E258}"
	ProjectSection(ProjectDependencies) = postProject
		{80AB46AE-42FD-FFE3-FC23-3BF1A3E7E745} = {80AB46AE-42FD-FFE3-FC23-3BF1A3E7E745}
		{8765E867-A958-EA11-3B91-2D0D7DC9C760} = {8765E867-A958-EA11-3B91-2D0D7DC9C760}
		{5AAE19B5-E225-C749-68E6-5B9070E7DF86} = {5AAE19B5-E225-C749-68E6-5B9070E7DF86}
	EndProjectSection
EndProject
Project("{8BC9CEB8-8B4A-11D0-8D11-00A0C91BC942}") = "DnglLics", "DnglLics\DnglLics.vcxproj", "{9CBFF66B-145A-C60E-663A-B6ABBF3A9F38}"
	ProjectSection(ProjectDependencies) = postProject
		{9852153D-83B0-5731-35CC-9D76BA129093} = {9852153D-83B0-5731-35CC-9D76BA129093}
	EndProjectSection
EndProject
Project("{8BC9CEB8-8B4A-11D0-8D11-00A0C91BC942}") = "Documentation", "Documentation\Documentation.vcxproj", "{EF4D4EF5-7168-5823-48B5-917A8495C5E5}"
EndProject
Project("{8BC9CEB8-8B4A-11D0-8D11-00A0C91BC942}") = "MC8141P", "MC8141P\MC8141P.vcxproj", "{82B578EF-F304-3B07-6B77-BC2BDD7144B5}"
EndProject
Project("{8BC9CEB8-8B4A-11D0-8D11-00A0C91BC942}") = "Matrix", "Matrix\Matrix.vcxproj", "{9852153D-83B0-5731-35CC-9D76BA129093}"
EndProject
Project("{8BC9CEB8-8B4A-11D0-8D11-00A0C91BC942}") = "OptimaDoc", "OptimaDoc\OptimaDocEN.vcxproj", "{8949B766-3489-A509-6AEE-1D41831D402B}"
	ProjectSection(ProjectDependencies) = postProject
		{A68689D1-DECD-4D43-64F9-A4B766C6C7C6} = {A68689D1-DECD-4D43-64F9-A4B766C6C7C6}
		{C5F73598-D3C2-AF82-D41C-8CD60603A219} = {C5F73598-D3C2-AF82-D41C-8CD60603A219}
		{D47E08B1-549A-62C6-9A89-65C34C2405E0} = {D47E08B1-549A-62C6-9A89-65C34C2405E0}
		{82B578EF-F304-3B07-6B77-BC2BDD7144B5} = {82B578EF-F304-3B07-6B77-BC2BDD7144B5}
		{CAA5AAC9-1B8B-6A04-5B0A-7459EDCEEF8A} = {CAA5AAC9-1B8B-6A04-5B0A-7459EDCEEF8A}
		{9A17886A-A249-3A7B-7E04-1F85D74A2DD1} = {9A17886A-A249-3A7B-7E04-1F85D74A2DD1}
		{F61321CA-07AB-3C75-B160-4BDBDE444A6C} = {F61321CA-07AB-3C75-B160-4BDBDE444A6C}
		{9DCD764B-4889-DC21-9DF0-F56AC7556672} = {9DCD764B-4889-DC21-9DF0-F56AC7556672}
		{80AB46AE-42FD-FFE3-FC23-3BF1A3E7E745} = {80AB46AE-42FD-FFE3-FC23-3BF1A3E7E745}
		{83D89454-E356-0D2D-FBE3-2F13E7C31E2B} = {83D89454-E356-0D2D-FBE3-2F13E7C31E2B}
		{8765E867-A958-EA11-3B91-2D0D7DC9C760} = {8765E867-A958-EA11-3B91-2D0D7DC9C760}
		{49DC9FEC-44F7-67AC-9DDB-1ACE7F991F07} = {49DC9FEC-44F7-67AC-9DDB-1ACE7F991F07}
		{7979C693-E5B1-588F-EFC0-E6F9290BD666} = {7979C693-E5B1-588F-EFC0-E6F9290BD666}
		{ECE03891-73B2-2F54-E3E6-C086D69A670E} = {ECE03891-73B2-2F54-E3E6-C086D69A670E}
		{EA851EEC-BC9F-7FCA-132D-C74CEE8AFC2A} = {EA851EEC-BC9F-7FCA-132D-C74CEE8AFC2A}
		{F850E7DB-5C09-25C0-F6F3-8EBB7B4C4CCF} = {F850E7DB-5C09-25C0-F6F3-8EBB7B4C4CCF}
		{B0A77A92-7778-84E2-2369-98FCB713E258} = {B0A77A92-7778-84E2-2369-98FCB713E258}
		{64B9D323-7F84-A4B6-75BF-3612023112E6} = {64B9D323-7F84-A4B6-75BF-3612023112E6}
		{E7D64AA5-F688-9DD6-D12B-1FE746E54947} = {E7D64AA5-F688-9DD6-D12B-1FE746E54947}
		{EF4D4EF5-7168-5823-48B5-917A8495C5E5} = {EF4D4EF5-7168-5823-48B5-917A8495C5E5}
		{0AE1C27F-DAA7-7371-BF5C-9DB1391EE76A} = {0AE1C27F-DAA7-7371-BF5C-9DB1391EE76A}
		{5AAE19B5-E225-C749-68E6-5B9070E7DF86} = {5AAE19B5-E225-C749-68E6-5B9070E7DF86}
		{9CBFF66B-145A-C60E-663A-B6ABBF3A9F38} = {9CBFF66B-145A-C60E-663A-B6ABBF3A9F38}
		{9F48567F-59B5-E37E-0E20-DC56C1B388E9} = {9F48567F-59B5-E37E-0E20-DC56C1B388E9}
		{B6BDD59F-DB0C-D2E3-870C-835DECF6260E} = {B6BDD59F-DB0C-D2E3-870C-835DECF6260E}
		{A4F03C60-95C9-6EE5-AF87-146243BDB0CE} = {A4F03C60-95C9-6EE5-AF87-146243BDB0CE}
		{9852153D-83B0-5731-35CC-9D76BA129093} = {9852153D-83B0-5731-35CC-9D76BA129093}
		{4A2D1387-CBB3-39C3-9F06-105931CC787A} = {4A2D1387-CBB3-39C3-9F06-105931CC787A}
		{444BDD17-3303-658F-97DB-5CF3B214FE0D} = {444BDD17-3303-658F-97DB-5CF3B214FE0D}
	EndProjectSection
EndProject
Project("{8BC9CEB8-8B4A-11D0-8D11-00A0C91BC942}") = "Performance", "Performance\Performance.vcxproj", "{4A2D1387-CBB3-39C3-9F06-105931CC787A}"
	ProjectSection(ProjectDependencies) = postProject
		{B0A77A92-7778-84E2-2369-98FCB713E258} = {B0A77A92-7778-84E2-2369-98FCB713E258}
		{444BDD17-3303-658F-97DB-5CF3B214FE0D} = {444BDD17-3303-658F-97DB-5CF3B214FE0D}
	EndProjectSection
EndProject
Project("{8BC9CEB8-8B4A-11D0-8D11-00A0C91BC942}") = "ProgGen", "ProgGen\ProgGen.vcxproj", "{A68689D1-DECD-4D43-64F9-A4B766C6C7C6}"
	ProjectSection(ProjectDependencies) = postProject
		{83D89454-E356-0D2D-FBE3-2F13E7C31E2B} = {83D89454-E356-0D2D-FBE3-2F13E7C31E2B}
		{8765E867-A958-EA11-3B91-2D0D7DC9C760} = {8765E867-A958-EA11-3B91-2D0D7DC9C760}
		{49DC9FEC-44F7-67AC-9DDB-1ACE7F991F07} = {49DC9FEC-44F7-67AC-9DDB-1ACE7F991F07}
		{F850E7DB-5C09-25C0-F6F3-8EBB7B4C4CCF} = {F850E7DB-5C09-25C0-F6F3-8EBB7B4C4CCF}
		{B0A77A92-7778-84E2-2369-98FCB713E258} = {B0A77A92-7778-84E2-2369-98FCB713E258}
		{E7D64AA5-F688-9DD6-D12B-1FE746E54947} = {E7D64AA5-F688-9DD6-D12B-1FE746E54947}
		{444BDD17-3303-658F-97DB-5CF3B214FE0D} = {444BDD17-3303-658F-97DB-5CF3B214FE0D}
	EndProjectSection
EndProject
Project("{8BC9CEB8-8B4A-11D0-8D11-00A0C91BC942}") = "Results", "Results\Results.vcxproj", "{7979C693-E5B1-588F-EFC0-E6F9290BD666}"
EndProject
Project("{8BC9CEB8-8B4A-11D0-8D11-00A0C91BC942}") = "camalgn", "camalgn\camalgn.vcxproj", "{E7D64AA5-F688-9DD6-D12B-1FE746E54947}"
	ProjectSection(ProjectDependencies) = postProject
		{C5F73598-D3C2-AF82-D41C-8CD60603A219} = {C5F73598-D3C2-AF82-D41C-8CD60603A219}
		{80AB46AE-42FD-FFE3-FC23-3BF1A3E7E745} = {80AB46AE-42FD-FFE3-FC23-3BF1A3E7E745}
		{83D89454-E356-0D2D-FBE3-2F13E7C31E2B} = {83D89454-E356-0D2D-FBE3-2F13E7C31E2B}
		{8765E867-A958-EA11-3B91-2D0D7DC9C760} = {8765E867-A958-EA11-3B91-2D0D7DC9C760}
		{7979C693-E5B1-588F-EFC0-E6F9290BD666} = {7979C693-E5B1-588F-EFC0-E6F9290BD666}
		{5AAE19B5-E225-C749-68E6-5B9070E7DF86} = {5AAE19B5-E225-C749-68E6-5B9070E7DF86}
	EndProjectSection
EndProject
Project("{8BC9CEB8-8B4A-11D0-8D11-00A0C91BC942}") = "camera", "camera\cameraOtpinet.vcxproj", "{8F3BB318-C044-2BDE-C7FF-FA37CC32884E}"
EndProject
Project("{8BC9CEB8-8B4A-11D0-8D11-00A0C91BC942}") = "checkers", "checkers\checkers.vcxproj", "{9F48567F-59B5-E37E-0E20-DC56C1B388E9}"
	ProjectSection(ProjectDependencies) = postProject
		{C5F73598-D3C2-AF82-D41C-8CD60603A219} = {C5F73598-D3C2-AF82-D41C-8CD60603A219}
		{8765E867-A958-EA11-3B91-2D0D7DC9C760} = {8765E867-A958-EA11-3B91-2D0D7DC9C760}
		{49DC9FEC-44F7-67AC-9DDB-1ACE7F991F07} = {49DC9FEC-44F7-67AC-9DDB-1ACE7F991F07}
		{8F3BB318-C044-2BDE-C7FF-FA37CC32884E} = {8F3BB318-C044-2BDE-C7FF-FA37CC32884E}
		{28B3AAEF-32BE-91D9-3256-E15FB761A96A} = {28B3AAEF-32BE-91D9-3256-E15FB761A96A}
		{444BDD17-3303-658F-97DB-5CF3B214FE0D} = {444BDD17-3303-658F-97DB-5CF3B214FE0D}
	EndProjectSection
EndProject
Project("{8BC9CEB8-8B4A-11D0-8D11-00A0C91BC942}") = "config", "config\config.vcxproj", "{9DCD764B-4889-DC21-9DF0-F56AC7556672}"
EndProject
Project("{8BC9CEB8-8B4A-11D0-8D11-00A0C91BC942}") = "conveyor", "conveyor\conveyor.vcxproj", "{F61321CA-07AB-3C75-B160-4BDBDE444A6C}"
EndProject
Project("{8BC9CEB8-8B4A-11D0-8D11-00A0C91BC942}") = "dserv", "dserv\dserv.vcxproj", "{D47E08B1-549A-62C6-9A89-65C34C2405E0}"
EndProject
Project("{8BC9CEB8-8B4A-11D0-8D11-00A0C91BC942}") = "evmgr", "evmgr\evmgr.vcxproj", "{444BDD17-3303-658F-97DB-5CF3B214FE0D}"
EndProject
Project("{8BC9CEB8-8B4A-11D0-8D11-00A0C91BC942}") = "flash", "flash\flash.vcxproj", "{B6BDD59F-DB0C-D2E3-870C-835DECF6260E}"
	ProjectSection(ProjectDependencies) = postProject
		{EA851EEC-BC9F-7FCA-132D-C74CEE8AFC2A} = {EA851EEC-BC9F-7FCA-132D-C74CEE8AFC2A}
		{28B3AAEF-32BE-91D9-3256-E15FB761A96A} = {28B3AAEF-32BE-91D9-3256-E15FB761A96A}
	EndProjectSection
EndProject
Project("{8BC9CEB8-8B4A-11D0-8D11-00A0C91BC942}") = "hardwareIO", "hardwareIO\hardwareIO.vcxproj", "{49DC9FEC-44F7-67AC-9DDB-1ACE7F991F07}"
	ProjectSection(ProjectDependencies) = postProject
		{C5F73598-D3C2-AF82-D41C-8CD60603A219} = {C5F73598-D3C2-AF82-D41C-8CD60603A219}
		{444BDD17-3303-658F-97DB-5CF3B214FE0D} = {444BDD17-3303-658F-97DB-5CF3B214FE0D}
	EndProjectSection
EndProject
Project("{8BC9CEB8-8B4A-11D0-8D11-00A0C91BC942}") = "htmlhelp", "htmlhelp\htmlhelp.vcxproj", "{64B9D323-7F84-A4B6-75BF-3612023112E6}"
EndProject
Project("{8BC9CEB8-8B4A-11D0-8D11-00A0C91BC942}") = "interface", "interface\interface.vcxproj", "{9A17886A-A249-3A7B-7E04-1F85D74A2DD1}"
	ProjectSection(ProjectDependencies) = postProject
		{B6BDD59F-DB0C-D2E3-870C-835DECF6260E} = {B6BDD59F-DB0C-D2E3-870C-835DECF6260E}
	EndProjectSection
EndProject
Project("{8BC9CEB8-8B4A-11D0-8D11-00A0C91BC942}") = "jamdll", "jamdll\jamdll.vcxproj", "{EA851EEC-BC9F-7FCA-132D-C74CEE8AFC2A}"
EndProject
Project("{8BC9CEB8-8B4A-11D0-8D11-00A0C91BC942}") = "lutil", "lutil\lutil.vcxproj", "{80AB46AE-42FD-FFE3-FC23-3BF1A3E7E745}"
EndProject
Project("{8BC9CEB8-8B4A-11D0-8D11-00A0C91BC942}") = "motors", "motors\motors.vcxproj", "{C5F73598-D3C2-AF82-D41C-8CD60603A219}"
	ProjectSection(ProjectDependencies) = postProject
		{82B578EF-F304-3B07-6B77-BC2BDD7144B5} = {82B578EF-F304-3B07-6B77-BC2BDD7144B5}
		{28B3AAEF-32BE-91D9-3256-E15FB761A96A} = {28B3AAEF-32BE-91D9-3256-E15FB761A96A}
		{5AAE19B5-E225-C749-68E6-5B9070E7DF86} = {5AAE19B5-E225-C749-68E6-5B9070E7DF86}
		{444BDD17-3303-658F-97DB-5CF3B214FE0D} = {444BDD17-3303-658F-97DB-5CF3B214FE0D}
	EndProjectSection
EndProject
Project("{8BC9CEB8-8B4A-11D0-8D11-00A0C91BC942}") = "msgs", "msgs\msgs.vcxproj", "{5AAE19B5-E225-C749-68E6-5B9070E7DF86}"
EndProject
Project("{8BC9CEB8-8B4A-11D0-8D11-00A0C91BC942}") = "optima", "optima\optima.vcxproj", "{2DF2C9FA-9501-5BBA-4FB0-AB094F83EB3F}"
	ProjectSection(ProjectDependencies) = postProject
		{A68689D1-DECD-4D43-64F9-A4B766C6C7C6} = {A68689D1-DECD-4D43-64F9-A4B766C6C7C6}
		{C5F73598-D3C2-AF82-D41C-8CD60603A219} = {C5F73598-D3C2-AF82-D41C-8CD60603A219}
		{D47E08B1-549A-62C6-9A89-65C34C2405E0} = {D47E08B1-549A-62C6-9A89-65C34C2405E0}
		{82B578EF-F304-3B07-6B77-BC2BDD7144B5} = {82B578EF-F304-3B07-6B77-BC2BDD7144B5}
		{CAA5AAC9-1B8B-6A04-5B0A-7459EDCEEF8A} = {CAA5AAC9-1B8B-6A04-5B0A-7459EDCEEF8A}
		{9A17886A-A249-3A7B-7E04-1F85D74A2DD1} = {9A17886A-A249-3A7B-7E04-1F85D74A2DD1}
		{F61321CA-07AB-3C75-B160-4BDBDE444A6C} = {F61321CA-07AB-3C75-B160-4BDBDE444A6C}
		{9DCD764B-4889-DC21-9DF0-F56AC7556672} = {9DCD764B-4889-DC21-9DF0-F56AC7556672}
		{80AB46AE-42FD-FFE3-FC23-3BF1A3E7E745} = {80AB46AE-42FD-FFE3-FC23-3BF1A3E7E745}
		{83D89454-E356-0D2D-FBE3-2F13E7C31E2B} = {83D89454-E356-0D2D-FBE3-2F13E7C31E2B}
		{8765E867-A958-EA11-3B91-2D0D7DC9C760} = {8765E867-A958-EA11-3B91-2D0D7DC9C760}
		{49DC9FEC-44F7-67AC-9DDB-1ACE7F991F07} = {49DC9FEC-44F7-67AC-9DDB-1ACE7F991F07}
		{7979C693-E5B1-588F-EFC0-E6F9290BD666} = {7979C693-E5B1-588F-EFC0-E6F9290BD666}
		{ECE03891-73B2-2F54-E3E6-C086D69A670E} = {ECE03891-73B2-2F54-E3E6-C086D69A670E}
		{EA851EEC-BC9F-7FCA-132D-C74CEE8AFC2A} = {EA851EEC-BC9F-7FCA-132D-C74CEE8AFC2A}
		{8F3BB318-C044-2BDE-C7FF-FA37CC32884E} = {8F3BB318-C044-2BDE-C7FF-FA37CC32884E}
		{F850E7DB-5C09-25C0-F6F3-8EBB7B4C4CCF} = {F850E7DB-5C09-25C0-F6F3-8EBB7B4C4CCF}
		{8949B766-3489-A509-6AEE-1D41831D402B} = {8949B766-3489-A509-6AEE-1D41831D402B}
		{28B3AAEF-32BE-91D9-3256-E15FB761A96A} = {28B3AAEF-32BE-91D9-3256-E15FB761A96A}
		{B0A77A92-7778-84E2-2369-98FCB713E258} = {B0A77A92-7778-84E2-2369-98FCB713E258}
		{64B9D323-7F84-A4B6-75BF-3612023112E6} = {64B9D323-7F84-A4B6-75BF-3612023112E6}
		{E7D64AA5-F688-9DD6-D12B-1FE746E54947} = {E7D64AA5-F688-9DD6-D12B-1FE746E54947}
		{EF4D4EF5-7168-5823-48B5-917A8495C5E5} = {EF4D4EF5-7168-5823-48B5-917A8495C5E5}
		{0AE1C27F-DAA7-7371-BF5C-9DB1391EE76A} = {0AE1C27F-DAA7-7371-BF5C-9DB1391EE76A}
		{5AAE19B5-E225-C749-68E6-5B9070E7DF86} = {5AAE19B5-E225-C749-68E6-5B9070E7DF86}
		{9CBFF66B-145A-C60E-663A-B6ABBF3A9F38} = {9CBFF66B-145A-C60E-663A-B6ABBF3A9F38}
		{9F48567F-59B5-E37E-0E20-DC56C1B388E9} = {9F48567F-59B5-E37E-0E20-DC56C1B388E9}
		{B6BDD59F-DB0C-D2E3-870C-835DECF6260E} = {B6BDD59F-DB0C-D2E3-870C-835DECF6260E}
		{A4F03C60-95C9-6EE5-AF87-146243BDB0CE} = {A4F03C60-95C9-6EE5-AF87-146243BDB0CE}
		{9852153D-83B0-5731-35CC-9D76BA129093} = {9852153D-83B0-5731-35CC-9D76BA129093}
		{4A2D1387-CBB3-39C3-9F06-105931CC787A} = {4A2D1387-CBB3-39C3-9F06-105931CC787A}
		{444BDD17-3303-658F-97DB-5CF3B214FE0D} = {444BDD17-3303-658F-97DB-5CF3B214FE0D}
	EndProjectSection
EndProject
Project("{8BC9CEB8-8B4A-11D0-8D11-00A0C91BC942}") = "regsetup", "regsetup\regsetup.vcxproj", "{ECE03891-73B2-2F54-E3E6-C086D69A670E}"
	ProjectSection(ProjectDependencies) = postProject
		{CAA5AAC9-1B8B-6A04-5B0A-7459EDCEEF8A} = {CAA5AAC9-1B8B-6A04-5B0A-7459EDCEEF8A}
	EndProjectSection
EndProject
Project("{8BC9CEB8-8B4A-11D0-8D11-00A0C91BC942}") = "scanner", "scanner\scanner.vcxproj", "{83D89454-E356-0D2D-FBE3-2F13E7C31E2B}"
	ProjectSection(ProjectDependencies) = postProject
		{C5F73598-D3C2-AF82-D41C-8CD60603A219} = {C5F73598-D3C2-AF82-D41C-8CD60603A219}
		{8765E867-A958-EA11-3B91-2D0D7DC9C760} = {8765E867-A958-EA11-3B91-2D0D7DC9C760}
		{49DC9FEC-44F7-67AC-9DDB-1ACE7F991F07} = {49DC9FEC-44F7-67AC-9DDB-1ACE7F991F07}
		{7979C693-E5B1-588F-EFC0-E6F9290BD666} = {7979C693-E5B1-588F-EFC0-E6F9290BD666}
		{8F3BB318-C044-2BDE-C7FF-FA37CC32884E} = {8F3BB318-C044-2BDE-C7FF-FA37CC32884E}
		{B0A77A92-7778-84E2-2369-98FCB713E258} = {B0A77A92-7778-84E2-2369-98FCB713E258}
		{5AAE19B5-E225-C749-68E6-5B9070E7DF86} = {5AAE19B5-E225-C749-68E6-5B9070E7DF86}
		{444BDD17-3303-658F-97DB-5CF3B214FE0D} = {444BDD17-3303-658F-97DB-5CF3B214FE0D}
	EndProjectSection
EndProject
Project("{8BC9CEB8-8B4A-11D0-8D11-00A0C91BC942}") = "setup", "setup\setup.vcxproj", "{CAA5AAC9-1B8B-6A04-5B0A-7459EDCEEF8A}"
EndProject
Project("{8BC9CEB8-8B4A-11D0-8D11-00A0C91BC942}") = "statectrl", "statectrl\statectrl.vcxproj", "{F850E7DB-5C09-25C0-F6F3-8EBB7B4C4CCF}"
EndProject
Project("{8BC9CEB8-8B4A-11D0-8D11-00A0C91BC942}") = "support", "support\support.vcxproj", "{8765E867-A958-EA11-3B91-2D0D7DC9C760}"
	ProjectSection(ProjectDependencies) = postProject
		{5AAE19B5-E225-C749-68E6-5B9070E7DF86} = {5AAE19B5-E225-C749-68E6-5B9070E7DF86}
	EndProjectSection
EndProject
Project("{8BC9CEB8-8B4A-11D0-8D11-00A0C91BC942}") = "wc140", "wc140\wc140.vcxproj", "{0AE1C27F-DAA7-7371-BF5C-9DB1391EE76A}"
EndProject
Global
	GlobalSection(SolutionConfigurationPlatforms) = preSolution
		Clean|Win32 = Clean|Win32
		Debug|Win32 = Debug|Win32
		Release|Win32 = Release|Win32
		Template|Win32 = Template|Win32
	EndGlobalSection
	GlobalSection(ProjectConfigurationPlatforms) = postSolution
		{28B3AAEF-32BE-91D9-3256-E15FB761A96A}.Clean|Win32.ActiveCfg = Release|Win32
		{28B3AAEF-32BE-91D9-3256-E15FB761A96A}.Clean|Win32.Build.0 = Release|Win32
		{28B3AAEF-32BE-91D9-3256-E15FB761A96A}.Debug|Win32.ActiveCfg = Debug|Win32
		{28B3AAEF-32BE-91D9-3256-E15FB761A96A}.Debug|Win32.Build.0 = Debug|Win32
		{28B3AAEF-32BE-91D9-3256-E15FB761A96A}.Release|Win32.ActiveCfg = Release|Win32
		{28B3AAEF-32BE-91D9-3256-E15FB761A96A}.Release|Win32.Build.0 = Release|Win32
		{28B3AAEF-32BE-91D9-3256-E15FB761A96A}.Template|Win32.ActiveCfg = Release|Win32
		{28B3AAEF-32BE-91D9-3256-E15FB761A96A}.Template|Win32.Build.0 = Release|Win32
		{A4F03C60-95C9-6EE5-AF87-146243BDB0CE}.Clean|Win32.ActiveCfg = Template|Win32
		{A4F03C60-95C9-6EE5-AF87-146243BDB0CE}.Clean|Win32.Build.0 = Template|Win32
		{A4F03C60-95C9-6EE5-AF87-146243BDB0CE}.Debug|Win32.ActiveCfg = Debug|Win32
		{A4F03C60-95C9-6EE5-AF87-146243BDB0CE}.Debug|Win32.Build.0 = Debug|Win32
		{A4F03C60-95C9-6EE5-AF87-146243BDB0CE}.Release|Win32.ActiveCfg = Release|Win32
		{A4F03C60-95C9-6EE5-AF87-146243BDB0CE}.Release|Win32.Build.0 = Release|Win32
		{A4F03C60-95C9-6EE5-AF87-146243BDB0CE}.Template|Win32.ActiveCfg = Template|Win32
		{A4F03C60-95C9-6EE5-AF87-146243BDB0CE}.Template|Win32.Build.0 = Template|Win32
		{B0A77A92-7778-84E2-2369-98FCB713E258}.Clean|Win32.ActiveCfg = Template|Win32
		{B0A77A92-7778-84E2-2369-98FCB713E258}.Clean|Win32.Build.0 = Template|Win32
		{B0A77A92-7778-84E2-2369-98FCB713E258}.Debug|Win32.ActiveCfg = Debug|Win32
		{B0A77A92-7778-84E2-2369-98FCB713E258}.Debug|Win32.Build.0 = Debug|Win32
		{B0A77A92-7778-84E2-2369-98FCB713E258}.Release|Win32.ActiveCfg = Release|Win32
		{B0A77A92-7778-84E2-2369-98FCB713E258}.Release|Win32.Build.0 = Release|Win32
		{B0A77A92-7778-84E2-2369-98FCB713E258}.Template|Win32.ActiveCfg = Template|Win32
		{B0A77A92-7778-84E2-2369-98FCB713E258}.Template|Win32.Build.0 = Template|Win32
		{9CBFF66B-145A-C60E-663A-B6ABBF3A9F38}.Clean|Win32.ActiveCfg = Template|Win32
		{9CBFF66B-145A-C60E-663A-B6ABBF3A9F38}.Clean|Win32.Build.0 = Template|Win32
		{9CBFF66B-145A-C60E-663A-B6ABBF3A9F38}.Debug|Win32.ActiveCfg = Debug|Win32
		{9CBFF66B-145A-C60E-663A-B6ABBF3A9F38}.Debug|Win32.Build.0 = Debug|Win32
		{9CBFF66B-145A-C60E-663A-B6ABBF3A9F38}.Release|Win32.ActiveCfg = Release|Win32
		{9CBFF66B-145A-C60E-663A-B6ABBF3A9F38}.Release|Win32.Build.0 = Release|Win32
		{9CBFF66B-145A-C60E-663A-B6ABBF3A9F38}.Template|Win32.ActiveCfg = Template|Win32
		{9CBFF66B-145A-C60E-663A-B6ABBF3A9F38}.Template|Win32.Build.0 = Template|Win32
		{EF4D4EF5-7168-5823-48B5-917A8495C5E5}.Clean|Win32.ActiveCfg = Template|Win32
		{EF4D4EF5-7168-5823-48B5-917A8495C5E5}.Clean|Win32.Build.0 = Template|Win32
		{EF4D4EF5-7168-5823-48B5-917A8495C5E5}.Debug|Win32.ActiveCfg = Debug|Win32
		{EF4D4EF5-7168-5823-48B5-917A8495C5E5}.Debug|Win32.Build.0 = Debug|Win32
		{EF4D4EF5-7168-5823-48B5-917A8495C5E5}.Release|Win32.ActiveCfg = Release|Win32
		{EF4D4EF5-7168-5823-48B5-917A8495C5E5}.Release|Win32.Build.0 = Release|Win32
		{EF4D4EF5-7168-5823-48B5-917A8495C5E5}.Template|Win32.ActiveCfg = Template|Win32
		{EF4D4EF5-7168-5823-48B5-917A8495C5E5}.Template|Win32.Build.0 = Template|Win32
		{82B578EF-F304-3B07-6B77-BC2BDD7144B5}.Clean|Win32.ActiveCfg = Template|Win32
		{82B578EF-F304-3B07-6B77-BC2BDD7144B5}.Clean|Win32.Build.0 = Template|Win32
		{82B578EF-F304-3B07-6B77-BC2BDD7144B5}.Debug|Win32.ActiveCfg = Debug|Win32
		{82B578EF-F304-3B07-6B77-BC2BDD7144B5}.Debug|Win32.Build.0 = Debug|Win32
		{82B578EF-F304-3B07-6B77-BC2BDD7144B5}.Release|Win32.ActiveCfg = Release|Win32
		{82B578EF-F304-3B07-6B77-BC2BDD7144B5}.Release|Win32.Build.0 = Release|Win32
		{82B578EF-F304-3B07-6B77-BC2BDD7144B5}.Template|Win32.ActiveCfg = Template|Win32
		{82B578EF-F304-3B07-6B77-BC2BDD7144B5}.Template|Win32.Build.0 = Template|Win32
		{9852153D-83B0-5731-35CC-9D76BA129093}.Clean|Win32.ActiveCfg = Template|Win32
		{9852153D-83B0-5731-35CC-9D76BA129093}.Clean|Win32.Build.0 = Template|Win32
		{9852153D-83B0-5731-35CC-9D76BA129093}.Debug|Win32.ActiveCfg = Debug|Win32
		{9852153D-83B0-5731-35CC-9D76BA129093}.Debug|Win32.Build.0 = Debug|Win32
		{9852153D-83B0-5731-35CC-9D76BA129093}.Release|Win32.ActiveCfg = Release|Win32
		{9852153D-83B0-5731-35CC-9D76BA129093}.Release|Win32.Build.0 = Release|Win32
		{9852153D-83B0-5731-35CC-9D76BA129093}.Template|Win32.ActiveCfg = Template|Win32
		{9852153D-83B0-5731-35CC-9D76BA129093}.Template|Win32.Build.0 = Template|Win32
		{8949B766-3489-A509-6AEE-1D41831D402B}.Clean|Win32.ActiveCfg = Template|Win32
		{8949B766-3489-A509-6AEE-1D41831D402B}.Clean|Win32.Build.0 = Template|Win32
		{8949B766-3489-A509-6AEE-1D41831D402B}.Debug|Win32.ActiveCfg = Debug|Win32
		{8949B766-3489-A509-6AEE-1D41831D402B}.Debug|Win32.Build.0 = Debug|Win32
		{8949B766-3489-A509-6AEE-1D41831D402B}.Release|Win32.ActiveCfg = Release|Win32
		{8949B766-3489-A509-6AEE-1D41831D402B}.Release|Win32.Build.0 = Release|Win32
		{8949B766-3489-A509-6AEE-1D41831D402B}.Template|Win32.ActiveCfg = Template|Win32
		{8949B766-3489-A509-6AEE-1D41831D402B}.Template|Win32.Build.0 = Template|Win32
		{4A2D1387-CBB3-39C3-9F06-105931CC787A}.Clean|Win32.ActiveCfg = Template|Win32
		{4A2D1387-CBB3-39C3-9F06-105931CC787A}.Clean|Win32.Build.0 = Template|Win32
		{4A2D1387-CBB3-39C3-9F06-105931CC787A}.Debug|Win32.ActiveCfg = Debug|Win32
		{4A2D1387-CBB3-39C3-9F06-105931CC787A}.Debug|Win32.Build.0 = Debug|Win32
		{4A2D1387-CBB3-39C3-9F06-105931CC787A}.Release|Win32.ActiveCfg = Release|Win32
		{4A2D1387-CBB3-39C3-9F06-105931CC787A}.Release|Win32.Build.0 = Release|Win32
		{4A2D1387-CBB3-39C3-9F06-105931CC787A}.Template|Win32.ActiveCfg = Template|Win32
		{4A2D1387-CBB3-39C3-9F06-105931CC787A}.Template|Win32.Build.0 = Template|Win32
		{A68689D1-DECD-4D43-64F9-A4B766C6C7C6}.Clean|Win32.ActiveCfg = Template|Win32
		{A68689D1-DECD-4D43-64F9-A4B766C6C7C6}.Clean|Win32.Build.0 = Template|Win32
		{A68689D1-DECD-4D43-64F9-A4B766C6C7C6}.Debug|Win32.ActiveCfg = Debug|Win32
		{A68689D1-DECD-4D43-64F9-A4B766C6C7C6}.Debug|Win32.Build.0 = Debug|Win32
		{A68689D1-DECD-4D43-64F9-A4B766C6C7C6}.Release|Win32.ActiveCfg = Release|Win32
		{A68689D1-DECD-4D43-64F9-A4B766C6C7C6}.Release|Win32.Build.0 = Release|Win32
		{A68689D1-DECD-4D43-64F9-A4B766C6C7C6}.Template|Win32.ActiveCfg = Template|Win32
		{A68689D1-DECD-4D43-64F9-A4B766C6C7C6}.Template|Win32.Build.0 = Template|Win32
		{7979C693-E5B1-588F-EFC0-E6F9290BD666}.Clean|Win32.ActiveCfg = Template|Win32
		{7979C693-E5B1-588F-EFC0-E6F9290BD666}.Clean|Win32.Build.0 = Template|Win32
		{7979C693-E5B1-588F-EFC0-E6F9290BD666}.Debug|Win32.ActiveCfg = Debug|Win32
		{7979C693-E5B1-588F-EFC0-E6F9290BD666}.Debug|Win32.Build.0 = Debug|Win32
		{7979C693-E5B1-588F-EFC0-E6F9290BD666}.Release|Win32.ActiveCfg = Release|Win32
		{7979C693-E5B1-588F-EFC0-E6F9290BD666}.Release|Win32.Build.0 = Release|Win32
		{7979C693-E5B1-588F-EFC0-E6F9290BD666}.Template|Win32.ActiveCfg = Template|Win32
		{7979C693-E5B1-588F-EFC0-E6F9290BD666}.Template|Win32.Build.0 = Template|Win32
		{E7D64AA5-F688-9DD6-D12B-1FE746E54947}.Clean|Win32.ActiveCfg = Template|Win32
		{E7D64AA5-F688-9DD6-D12B-1FE746E54947}.Clean|Win32.Build.0 = Template|Win32
		{E7D64AA5-F688-9DD6-D12B-1FE746E54947}.Debug|Win32.ActiveCfg = Debug|Win32
		{E7D64AA5-F688-9DD6-D12B-1FE746E54947}.Debug|Win32.Build.0 = Debug|Win32
		{E7D64AA5-F688-9DD6-D12B-1FE746E54947}.Release|Win32.ActiveCfg = Release|Win32
		{E7D64AA5-F688-9DD6-D12B-1FE746E54947}.Release|Win32.Build.0 = Release|Win32
		{E7D64AA5-F688-9DD6-D12B-1FE746E54947}.Template|Win32.ActiveCfg = Template|Win32
		{E7D64AA5-F688-9DD6-D12B-1FE746E54947}.Template|Win32.Build.0 = Template|Win32
		{8F3BB318-C044-2BDE-C7FF-FA37CC32884E}.Clean|Win32.ActiveCfg = Template|Win32
		{8F3BB318-C044-2BDE-C7FF-FA37CC32884E}.Clean|Win32.Build.0 = Template|Win32
		{8F3BB318-C044-2BDE-C7FF-FA37CC32884E}.Debug|Win32.ActiveCfg = Debug|Win32
		{8F3BB318-C044-2BDE-C7FF-FA37CC32884E}.Debug|Win32.Build.0 = Debug|Win32
		{8F3BB318-C044-2BDE-C7FF-FA37CC32884E}.Release|Win32.ActiveCfg = Release|Win32
		{8F3BB318-C044-2BDE-C7FF-FA37CC32884E}.Release|Win32.Build.0 = Release|Win32
		{8F3BB318-C044-2BDE-C7FF-FA37CC32884E}.Template|Win32.ActiveCfg = Template|Win32
		{8F3BB318-C044-2BDE-C7FF-FA37CC32884E}.Template|Win32.Build.0 = Template|Win32
		{9F48567F-59B5-E37E-0E20-DC56C1B388E9}.Clean|Win32.ActiveCfg = Template|Win32
		{9F48567F-59B5-E37E-0E20-DC56C1B388E9}.Clean|Win32.Build.0 = Template|Win32
		{9F48567F-59B5-E37E-0E20-DC56C1B388E9}.Debug|Win32.ActiveCfg = Debug|Win32
		{9F48567F-59B5-E37E-0E20-DC56C1B388E9}.Debug|Win32.Build.0 = Debug|Win32
		{9F48567F-59B5-E37E-0E20-DC56C1B388E9}.Release|Win32.ActiveCfg = Release|Win32
		{9F48567F-59B5-E37E-0E20-DC56C1B388E9}.Release|Win32.Build.0 = Release|Win32
		{9F48567F-59B5-E37E-0E20-DC56C1B388E9}.Template|Win32.ActiveCfg = Template|Win32
		{9F48567F-59B5-E37E-0E20-DC56C1B388E9}.Template|Win32.Build.0 = Template|Win32
		{9DCD764B-4889-DC21-9DF0-F56AC7556672}.Clean|Win32.ActiveCfg = Template|Win32
		{9DCD764B-4889-DC21-9DF0-F56AC7556672}.Clean|Win32.Build.0 = Template|Win32
		{9DCD764B-4889-DC21-9DF0-F56AC7556672}.Debug|Win32.ActiveCfg = Debug|Win32
		{9DCD764B-4889-DC21-9DF0-F56AC7556672}.Debug|Win32.Build.0 = Debug|Win32
		{9DCD764B-4889-DC21-9DF0-F56AC7556672}.Release|Win32.ActiveCfg = Release|Win32
		{9DCD764B-4889-DC21-9DF0-F56AC7556672}.Release|Win32.Build.0 = Release|Win32
		{9DCD764B-4889-DC21-9DF0-F56AC7556672}.Template|Win32.ActiveCfg = Template|Win32
		{9DCD764B-4889-DC21-9DF0-F56AC7556672}.Template|Win32.Build.0 = Template|Win32
		{F61321CA-07AB-3C75-B160-4BDBDE444A6C}.Clean|Win32.ActiveCfg = Template|Win32
		{F61321CA-07AB-3C75-B160-4BDBDE444A6C}.Clean|Win32.Build.0 = Template|Win32
		{F61321CA-07AB-3C75-B160-4BDBDE444A6C}.Debug|Win32.ActiveCfg = Debug|Win32
		{F61321CA-07AB-3C75-B160-4BDBDE444A6C}.Debug|Win32.Build.0 = Debug|Win32
		{F61321CA-07AB-3C75-B160-4BDBDE444A6C}.Release|Win32.ActiveCfg = Release|Win32
		{F61321CA-07AB-3C75-B160-4BDBDE444A6C}.Release|Win32.Build.0 = Release|Win32
		{F61321CA-07AB-3C75-B160-4BDBDE444A6C}.Template|Win32.ActiveCfg = Template|Win32
		{F61321CA-07AB-3C75-B160-4BDBDE444A6C}.Template|Win32.Build.0 = Template|Win32
		{D47E08B1-549A-62C6-9A89-65C34C2405E0}.Clean|Win32.ActiveCfg = Template|Win32
		{D47E08B1-549A-62C6-9A89-65C34C2405E0}.Clean|Win32.Build.0 = Template|Win32
		{D47E08B1-549A-62C6-9A89-65C34C2405E0}.Debug|Win32.ActiveCfg = Debug|Win32
		{D47E08B1-549A-62C6-9A89-65C34C2405E0}.Debug|Win32.Build.0 = Debug|Win32
		{D47E08B1-549A-62C6-9A89-65C34C2405E0}.Release|Win32.ActiveCfg = Release|Win32
		{D47E08B1-549A-62C6-9A89-65C34C2405E0}.Release|Win32.Build.0 = Release|Win32
		{D47E08B1-549A-62C6-9A89-65C34C2405E0}.Template|Win32.ActiveCfg = Template|Win32
		{D47E08B1-549A-62C6-9A89-65C34C2405E0}.Template|Win32.Build.0 = Template|Win32
		{444BDD17-3303-658F-97DB-5CF3B214FE0D}.Clean|Win32.ActiveCfg = Template|Win32
		{444BDD17-3303-658F-97DB-5CF3B214FE0D}.Clean|Win32.Build.0 = Template|Win32
		{444BDD17-3303-658F-97DB-5CF3B214FE0D}.Debug|Win32.ActiveCfg = Debug|Win32
		{444BDD17-3303-658F-97DB-5CF3B214FE0D}.Debug|Win32.Build.0 = Debug|Win32
		{444BDD17-3303-658F-97DB-5CF3B214FE0D}.Release|Win32.ActiveCfg = Release|Win32
		{444BDD17-3303-658F-97DB-5CF3B214FE0D}.Release|Win32.Build.0 = Release|Win32
		{444BDD17-3303-658F-97DB-5CF3B214FE0D}.Template|Win32.ActiveCfg = Template|Win32
		{444BDD17-3303-658F-97DB-5CF3B214FE0D}.Template|Win32.Build.0 = Template|Win32
		{B6BDD59F-DB0C-D2E3-870C-835DECF6260E}.Clean|Win32.ActiveCfg = Template|Win32
		{B6BDD59F-DB0C-D2E3-870C-835DECF6260E}.Clean|Win32.Build.0 = Template|Win32
		{B6BDD59F-DB0C-D2E3-870C-835DECF6260E}.Debug|Win32.ActiveCfg = Debug|Win32
		{B6BDD59F-DB0C-D2E3-870C-835DECF6260E}.Debug|Win32.Build.0 = Debug|Win32
		{B6BDD59F-DB0C-D2E3-870C-835DECF6260E}.Release|Win32.ActiveCfg = Release|Win32
		{B6BDD59F-DB0C-D2E3-870C-835DECF6260E}.Release|Win32.Build.0 = Release|Win32
		{B6BDD59F-DB0C-D2E3-870C-835DECF6260E}.Template|Win32.ActiveCfg = Template|Win32
		{B6BDD59F-DB0C-D2E3-870C-835DECF6260E}.Template|Win32.Build.0 = Template|Win32
		{49DC9FEC-44F7-67AC-9DDB-1ACE7F991F07}.Clean|Win32.ActiveCfg = Template|Win32
		{49DC9FEC-44F7-67AC-9DDB-1ACE7F991F07}.Clean|Win32.Build.0 = Template|Win32
		{49DC9FEC-44F7-67AC-9DDB-1ACE7F991F07}.Debug|Win32.ActiveCfg = Debug|Win32
		{49DC9FEC-44F7-67AC-9DDB-1ACE7F991F07}.Debug|Win32.Build.0 = Debug|Win32
		{49DC9FEC-44F7-67AC-9DDB-1ACE7F991F07}.Release|Win32.ActiveCfg = Release|Win32
		{49DC9FEC-44F7-67AC-9DDB-1ACE7F991F07}.Release|Win32.Build.0 = Release|Win32
		{49DC9FEC-44F7-67AC-9DDB-1ACE7F991F07}.Template|Win32.ActiveCfg = Template|Win32
		{49DC9FEC-44F7-67AC-9DDB-1ACE7F991F07}.Template|Win32.Build.0 = Template|Win32
		{64B9D323-7F84-A4B6-75BF-3612023112E6}.Clean|Win32.ActiveCfg = Template|Win32
		{64B9D323-7F84-A4B6-75BF-3612023112E6}.Clean|Win32.Build.0 = Template|Win32
		{64B9D323-7F84-A4B6-75BF-3612023112E6}.Debug|Win32.ActiveCfg = Debug|Win32
		{64B9D323-7F84-A4B6-75BF-3612023112E6}.Debug|Win32.Build.0 = Debug|Win32
		{64B9D323-7F84-A4B6-75BF-3612023112E6}.Release|Win32.ActiveCfg = Release|Win32
		{64B9D323-7F84-A4B6-75BF-3612023112E6}.Release|Win32.Build.0 = Release|Win32
		{64B9D323-7F84-A4B6-75BF-3612023112E6}.Template|Win32.ActiveCfg = Template|Win32
		{64B9D323-7F84-A4B6-75BF-3612023112E6}.Template|Win32.Build.0 = Template|Win32
		{9A17886A-A249-3A7B-7E04-1F85D74A2DD1}.Clean|Win32.ActiveCfg = Template|Win32
		{9A17886A-A249-3A7B-7E04-1F85D74A2DD1}.Clean|Win32.Build.0 = Template|Win32
		{9A17886A-A249-3A7B-7E04-1F85D74A2DD1}.Debug|Win32.ActiveCfg = Debug|Win32
		{9A17886A-A249-3A7B-7E04-1F85D74A2DD1}.Debug|Win32.Build.0 = Debug|Win32
		{9A17886A-A249-3A7B-7E04-1F85D74A2DD1}.Release|Win32.ActiveCfg = Release|Win32
		{9A17886A-A249-3A7B-7E04-1F85D74A2DD1}.Release|Win32.Build.0 = Release|Win32
		{9A17886A-A249-3A7B-7E04-1F85D74A2DD1}.Template|Win32.ActiveCfg = Template|Win32
		{9A17886A-A249-3A7B-7E04-1F85D74A2DD1}.Template|Win32.Build.0 = Template|Win32
		{EA851EEC-BC9F-7FCA-132D-C74CEE8AFC2A}.Clean|Win32.ActiveCfg = Template|Win32
		{EA851EEC-BC9F-7FCA-132D-C74CEE8AFC2A}.Clean|Win32.Build.0 = Template|Win32
		{EA851EEC-BC9F-7FCA-132D-C74CEE8AFC2A}.Debug|Win32.ActiveCfg = Debug|Win32
		{EA851EEC-BC9F-7FCA-132D-C74CEE8AFC2A}.Debug|Win32.Build.0 = Debug|Win32
		{EA851EEC-BC9F-7FCA-132D-C74CEE8AFC2A}.Release|Win32.ActiveCfg = Release|Win32
		{EA851EEC-BC9F-7FCA-132D-C74CEE8AFC2A}.Release|Win32.Build.0 = Release|Win32
		{EA851EEC-BC9F-7FCA-132D-C74CEE8AFC2A}.Template|Win32.ActiveCfg = Template|Win32
		{EA851EEC-BC9F-7FCA-132D-C74CEE8AFC2A}.Template|Win32.Build.0 = Template|Win32
		{80AB46AE-42FD-FFE3-FC23-3BF1A3E7E745}.Clean|Win32.ActiveCfg = Template|Win32
		{80AB46AE-42FD-FFE3-FC23-3BF1A3E7E745}.Clean|Win32.Build.0 = Template|Win32
		{80AB46AE-42FD-FFE3-FC23-3BF1A3E7E745}.Debug|Win32.ActiveCfg = Debug|Win32
		{80AB46AE-42FD-FFE3-FC23-3BF1A3E7E745}.Debug|Win32.Build.0 = Debug|Win32
		{80AB46AE-42FD-FFE3-FC23-3BF1A3E7E745}.Release|Win32.ActiveCfg = Release|Win32
		{80AB46AE-42FD-FFE3-FC23-3BF1A3E7E745}.Release|Win32.Build.0 = Release|Win32
		{80AB46AE-42FD-FFE3-FC23-3BF1A3E7E745}.Template|Win32.ActiveCfg = Template|Win32
		{80AB46AE-42FD-FFE3-FC23-3BF1A3E7E745}.Template|Win32.Build.0 = Template|Win32
		{C5F73598-D3C2-AF82-D41C-8CD60603A219}.Clean|Win32.ActiveCfg = Template|Win32
		{C5F73598-D3C2-AF82-D41C-8CD60603A219}.Clean|Win32.Build.0 = Template|Win32
		{C5F73598-D3C2-AF82-D41C-8CD60603A219}.Debug|Win32.ActiveCfg = Debug|Win32
		{C5F73598-D3C2-AF82-D41C-8CD60603A219}.Debug|Win32.Build.0 = Debug|Win32
		{C5F73598-D3C2-AF82-D41C-8CD60603A219}.Release|Win32.ActiveCfg = Release|Win32
		{C5F73598-D3C2-AF82-D41C-8CD60603A219}.Release|Win32.Build.0 = Release|Win32
		{C5F73598-D3C2-AF82-D41C-8CD60603A219}.Template|Win32.ActiveCfg = Template|Win32
		{C5F73598-D3C2-AF82-D41C-8CD60603A219}.Template|Win32.Build.0 = Template|Win32
		{5AAE19B5-E225-C749-68E6-5B9070E7DF86}.Clean|Win32.ActiveCfg = Template|Win32
		{5AAE19B5-E225-C749-68E6-5B9070E7DF86}.Clean|Win32.Build.0 = Template|Win32
		{5AAE19B5-E225-C749-68E6-5B9070E7DF86}.Debug|Win32.ActiveCfg = Debug|Win32
		{5AAE19B5-E225-C749-68E6-5B9070E7DF86}.Debug|Win32.Build.0 = Debug|Win32
		{5AAE19B5-E225-C749-68E6-5B9070E7DF86}.Release|Win32.ActiveCfg = Release|Win32
		{5AAE19B5-E225-C749-68E6-5B9070E7DF86}.Release|Win32.Build.0 = Release|Win32
		{5AAE19B5-E225-C749-68E6-5B9070E7DF86}.Template|Win32.ActiveCfg = Template|Win32
		{5AAE19B5-E225-C749-68E6-5B9070E7DF86}.Template|Win32.Build.0 = Template|Win32
		{2DF2C9FA-9501-5BBA-4FB0-AB094F83EB3F}.Clean|Win32.ActiveCfg = Template|Win32
		{2DF2C9FA-9501-5BBA-4FB0-AB094F83EB3F}.Clean|Win32.Build.0 = Template|Win32
		{2DF2C9FA-9501-5BBA-4FB0-AB094F83EB3F}.Debug|Win32.ActiveCfg = Debug|Win32
		{2DF2C9FA-9501-5BBA-4FB0-AB094F83EB3F}.Debug|Win32.Build.0 = Debug|Win32
		{2DF2C9FA-9501-5BBA-4FB0-AB094F83EB3F}.Release|Win32.ActiveCfg = Release|Win32
		{2DF2C9FA-9501-5BBA-4FB0-AB094F83EB3F}.Release|Win32.Build.0 = Release|Win32
		{2DF2C9FA-9501-5BBA-4FB0-AB094F83EB3F}.Template|Win32.ActiveCfg = Template|Win32
		{2DF2C9FA-9501-5BBA-4FB0-AB094F83EB3F}.Template|Win32.Build.0 = Template|Win32
		{ECE03891-73B2-2F54-E3E6-C086D69A670E}.Clean|Win32.ActiveCfg = Template|Win32
		{ECE03891-73B2-2F54-E3E6-C086D69A670E}.Clean|Win32.Build.0 = Template|Win32
		{ECE03891-73B2-2F54-E3E6-C086D69A670E}.Debug|Win32.ActiveCfg = Debug|Win32
		{ECE03891-73B2-2F54-E3E6-C086D69A670E}.Debug|Win32.Build.0 = Debug|Win32
		{ECE03891-73B2-2F54-E3E6-C086D69A670E}.Release|Win32.ActiveCfg = Release|Win32
		{ECE03891-73B2-2F54-E3E6-C086D69A670E}.Release|Win32.Build.0 = Release|Win32
		{ECE03891-73B2-2F54-E3E6-C086D69A670E}.Template|Win32.ActiveCfg = Template|Win32
		{ECE03891-73B2-2F54-E3E6-C086D69A670E}.Template|Win32.Build.0 = Template|Win32
		{83D89454-E356-0D2D-FBE3-2F13E7C31E2B}.Clean|Win32.ActiveCfg = Template|Win32
		{83D89454-E356-0D2D-FBE3-2F13E7C31E2B}.Clean|Win32.Build.0 = Template|Win32
		{83D89454-E356-0D2D-FBE3-2F13E7C31E2B}.Debug|Win32.ActiveCfg = Debug|Win32
		{83D89454-E356-0D2D-FBE3-2F13E7C31E2B}.Debug|Win32.Build.0 = Debug|Win32
		{83D89454-E356-0D2D-FBE3-2F13E7C31E2B}.Release|Win32.ActiveCfg = Release|Win32
		{83D89454-E356-0D2D-FBE3-2F13E7C31E2B}.Release|Win32.Build.0 = Release|Win32
		{83D89454-E356-0D2D-FBE3-2F13E7C31E2B}.Template|Win32.ActiveCfg = Template|Win32
		{83D89454-E356-0D2D-FBE3-2F13E7C31E2B}.Template|Win32.Build.0 = Template|Win32
		{CAA5AAC9-1B8B-6A04-5B0A-7459EDCEEF8A}.Clean|Win32.ActiveCfg = Template|Win32
		{CAA5AAC9-1B8B-6A04-5B0A-7459EDCEEF8A}.Clean|Win32.Build.0 = Template|Win32
		{CAA5AAC9-1B8B-6A04-5B0A-7459EDCEEF8A}.Debug|Win32.ActiveCfg = Debug|Win32
		{CAA5AAC9-1B8B-6A04-5B0A-7459EDCEEF8A}.Debug|Win32.Build.0 = Debug|Win32
		{CAA5AAC9-1B8B-6A04-5B0A-7459EDCEEF8A}.Release|Win32.ActiveCfg = Release|Win32
		{CAA5AAC9-1B8B-6A04-5B0A-7459EDCEEF8A}.Release|Win32.Build.0 = Release|Win32
		{CAA5AAC9-1B8B-6A04-5B0A-7459EDCEEF8A}.Template|Win32.ActiveCfg = Template|Win32
		{CAA5AAC9-1B8B-6A04-5B0A-7459EDCEEF8A}.Template|Win32.Build.0 = Template|Win32
		{F850E7DB-5C09-25C0-F6F3-8EBB7B4C4CCF}.Clean|Win32.ActiveCfg = Template|Win32
		{F850E7DB-5C09-25C0-F6F3-8EBB7B4C4CCF}.Clean|Win32.Build.0 = Template|Win32
		{F850E7DB-5C09-25C0-F6F3-8EBB7B4C4CCF}.Debug|Win32.ActiveCfg = Debug|Win32
		{F850E7DB-5C09-25C0-F6F3-8EBB7B4C4CCF}.Debug|Win32.Build.0 = Debug|Win32
		{F850E7DB-5C09-25C0-F6F3-8EBB7B4C4CCF}.Release|Win32.ActiveCfg = Release|Win32
		{F850E7DB-5C09-25C0-F6F3-8EBB7B4C4CCF}.Release|Win32.Build.0 = Release|Win32
		{F850E7DB-5C09-25C0-F6F3-8EBB7B4C4CCF}.Template|Win32.ActiveCfg = Template|Win32
		{F850E7DB-5C09-25C0-F6F3-8EBB7B4C4CCF}.Template|Win32.Build.0 = Template|Win32
		{8765E867-A958-EA11-3B91-2D0D7DC9C760}.Clean|Win32.ActiveCfg = Template|Win32
		{8765E867-A958-EA11-3B91-2D0D7DC9C760}.Clean|Win32.Build.0 = Template|Win32
		{8765E867-A958-EA11-3B91-2D0D7DC9C760}.Debug|Win32.ActiveCfg = Debug|Win32
		{8765E867-A958-EA11-3B91-2D0D7DC9C760}.Debug|Win32.Build.0 = Debug|Win32
		{8765E867-A958-EA11-3B91-2D0D7DC9C760}.Release|Win32.ActiveCfg = Release|Win32
		{8765E867-A958-EA11-3B91-2D0D7DC9C760}.Release|Win32.Build.0 = Release|Win32
		{8765E867-A958-EA11-3B91-2D0D7DC9C760}.Template|Win32.ActiveCfg = Template|Win32
		{8765E867-A958-EA11-3B91-2D0D7DC9C760}.Template|Win32.Build.0 = Template|Win32
		{0AE1C27F-DAA7-7371-BF5C-9DB1391EE76A}.Clean|Win32.ActiveCfg = Template|Win32
		{0AE1C27F-DAA7-7371-BF5C-9DB1391EE76A}.Clean|Win32.Build.0 = Template|Win32
		{0AE1C27F-DAA7-7371-BF5C-9DB1391EE76A}.Debug|Win32.ActiveCfg = Debug|Win32
		{0AE1C27F-DAA7-7371-BF5C-9DB1391EE76A}.Debug|Win32.Build.0 = Debug|Win32
		{0AE1C27F-DAA7-7371-BF5C-9DB1391EE76A}.Release|Win32.ActiveCfg = Release|Win32
		{0AE1C27F-DAA7-7371-BF5C-9DB1391EE76A}.Release|Win32.Build.0 = Release|Win32
		{0AE1C27F-DAA7-7371-BF5C-9DB1391EE76A}.Template|Win32.ActiveCfg = Template|Win32
		{0AE1C27F-DAA7-7371-BF5C-9DB1391EE76A}.Template|Win32.Build.0 = Template|Win32
	EndGlobalSection
	GlobalSection(SolutionProperties) = preSolution
		HideSolutionNode = FALSE
	EndGlobalSection
EndGlobal
