
Microsoft Visual Studio Solution File, Format Version 11.00
# Visual Studio 2010
Project("{8BC9CEB8-8B4A-11D0-8D11-00A0C91BC942}") = "ACSCSpii", "ACSCSpii\ACSCSpii.vcxproj", "{16512F67-4263-0DB9-3393-540D1859E501}"
EndProject
Project("{8BC9CEB8-8B4A-11D0-8D11-00A0C91BC942}") = "AlgStandard", "AlgStandard\AlgStandard.vcxproj", "{53F3BBE3-66BB-C08B-ABF1-9764B52A41BF}"
	ProjectSection(ProjectDependencies) = postProject
		{DD8FDC27-6BE5-1055-7828-208A30F4965E} = {DD8FDC27-6BE5-1055-7828-208A30F4965E}
		{8765E867-A958-EA11-3B91-2D0D7DC9C760} = {8765E867-A958-EA11-3B91-2D0D7DC9C760}
		{A443214D-8640-1165-2320-2E8F281DCE90} = {A443214D-8640-1165-2320-2E8F281DCE90}
		{7EB0DBBA-B8F5-1FAA-2273-9FF78DE583DA} = {7EB0DBBA-B8F5-1FAA-2273-9FF78DE583DA}
		{926B48E6-83DD-BA4F-4916-A009B41A5D64} = {926B48E6-83DD-BA4F-4916-A009B41A5D64}
	EndProjectSection
EndProject
Project("{8BC9CEB8-8B4A-11D0-8D11-00A0C91BC942}") = "Database", "Database\Database.vcxproj", "{7EB0DBBA-B8F5-1FAA-2273-9FF78DE583DA}"
	ProjectSection(ProjectDependencies) = postProject
		{EE8F24BB-E33D-1F53-AE46-C4B3DB9E885A} = {EE8F24BB-E33D-1F53-AE46-C4B3DB9E885A}
		{8765E867-A958-EA11-3B91-2D0D7DC9C760} = {8765E867-A958-EA11-3B91-2D0D7DC9C760}
		{09C1B4A5-60A4-7508-3291-3050848E1BAC} = {09C1B4A5-60A4-7508-3291-3050848E1BAC}
	EndProjectSection
EndProject
Project("{8BC9CEB8-8B4A-11D0-8D11-00A0C91BC942}") = "DnglLics", "DnglLics\DnglLics.vcxproj", "{BC96DA5D-BF66-84F9-9247-148D7B8E813E}"
	ProjectSection(ProjectDependencies) = postProject
		{BC0113E1-9205-F568-A899-5821ECB95B25} = {BC0113E1-9205-F568-A899-5821ECB95B25}
	EndProjectSection
EndProject
Project("{8BC9CEB8-8B4A-11D0-8D11-00A0C91BC942}") = "Documentation", "Documentation\Documentation.vcxproj", "{2FE73502-792A-C59C-2E3C-5ACA4CF11CF7}"
EndProject
Project("{8BC9CEB8-8B4A-11D0-8D11-00A0C91BC942}") = "MC8141P", "MC8141P\MC8141P.vcxproj", "{BF4BE45C-E8CA-7CC8-CE27-C59DD79FE446}"
EndProject
Project("{8BC9CEB8-8B4A-11D0-8D11-00A0C91BC942}") = "Matrix", "Matrix\Matrix.vcxproj", "{BC0113E1-9205-F568-A899-5821ECB95B25}"
EndProject
Project("{8BC9CEB8-8B4A-11D0-8D11-00A0C91BC942}") = "OptimaDoc", "OptimaDoc\OptimaDocEN.vcxproj", "{59195744-AFDA-9986-7554-0E34214EB081}"
	ProjectSection(ProjectDependencies) = postProject
		{1B03C539-CB39-417E-A0AF-971075611195} = {1B03C539-CB39-417E-A0AF-971075611195}
		{BAAF592F-90DE-D3A2-F56E-8E90926BC123} = {BAAF592F-90DE-D3A2-F56E-8E90926BC123}
		{06B3C409-77FE-8AF3-EFAD-44BACA8255D5} = {06B3C409-77FE-8AF3-EFAD-44BACA8255D5}
		{BF4BE45C-E8CA-7CC8-CE27-C59DD79FE446} = {BF4BE45C-E8CA-7CC8-CE27-C59DD79FE446}
		{798F2B4F-C289-43EE-8681-FADAE6028EF3} = {798F2B4F-C289-43EE-8681-FADAE6028EF3}
		{951E3902-0E59-714E-9F2F-5B5A68BDA8B7} = {951E3902-0E59-714E-9F2F-5B5A68BDA8B7}
		{2A2BF068-5967-05CD-B12A-CD62AF4EFE7B} = {2A2BF068-5967-05CD-B12A-CD62AF4EFE7B}
		{86D6E1D3-23AE-519C-6737-C0A560CDFA1C} = {86D6E1D3-23AE-519C-6737-C0A560CDFA1C}
		{EE8F24BB-E33D-1F53-AE46-C4B3DB9E885A} = {EE8F24BB-E33D-1F53-AE46-C4B3DB9E885A}
		{DD8FDC27-6BE5-1055-7828-208A30F4965E} = {DD8FDC27-6BE5-1055-7828-208A30F4965E}
		{8765E867-A958-EA11-3B91-2D0D7DC9C760} = {8765E867-A958-EA11-3B91-2D0D7DC9C760}
		{4AAC5556-4C8B-0B2F-85BE-FB30364F90C5} = {4AAC5556-4C8B-0B2F-85BE-FB30364F90C5}
		{A443214D-8640-1165-2320-2E8F281DCE90} = {A443214D-8640-1165-2320-2E8F281DCE90}
		{3D7BE7A6-7E4C-D694-21D8-6780DBD12E23} = {3D7BE7A6-7E4C-D694-21D8-6780DBD12E23}
		{5C2EDF8D-5FED-EB0E-9207-50C47DDEB2E9} = {5C2EDF8D-5FED-EB0E-9207-50C47DDEB2E9}
		{B2751BBA-6A7D-6463-9151-2E3075A30225} = {B2751BBA-6A7D-6463-9151-2E3075A30225}
		{7EB0DBBA-B8F5-1FAA-2273-9FF78DE583DA} = {7EB0DBBA-B8F5-1FAA-2273-9FF78DE583DA}
		{F9A57760-BE1D-C079-6B2C-A78C68D4E0B3} = {F9A57760-BE1D-C079-6B2C-A78C68D4E0B3}
		{F02700E3-2E0C-050F-7586-95A402ADB162} = {F02700E3-2E0C-050F-7586-95A402ADB162}
		{2FE73502-792A-C59C-2E3C-5ACA4CF11CF7} = {2FE73502-792A-C59C-2E3C-5ACA4CF11CF7}
		{76B638A1-E530-3E23-E446-3D6AA1BD16D7} = {76B638A1-E530-3E23-E446-3D6AA1BD16D7}
		{09C1B4A5-60A4-7508-3291-3050848E1BAC} = {09C1B4A5-60A4-7508-3291-3050848E1BAC}
		{BC96DA5D-BF66-84F9-9247-148D7B8E813E} = {BC96DA5D-BF66-84F9-9247-148D7B8E813E}
		{51F4D960-EFD3-AD4A-BAA6-37B61A2069A3} = {51F4D960-EFD3-AD4A-BAA6-37B61A2069A3}
		{3D79678F-097F-C3A3-B009-C87DB7518C7D} = {3D79678F-097F-C3A3-B009-C87DB7518C7D}
		{53F3BBE3-66BB-C08B-ABF1-9764B52A41BF} = {53F3BBE3-66BB-C08B-ABF1-9764B52A41BF}
		{BC0113E1-9205-F568-A899-5821ECB95B25} = {BC0113E1-9205-F568-A899-5821ECB95B25}
		{926B48E6-83DD-BA4F-4916-A009B41A5D64} = {926B48E6-83DD-BA4F-4916-A009B41A5D64}
		{46DEB08B-EADC-E032-ADAA-163C844F026A} = {46DEB08B-EADC-E032-ADAA-163C844F026A}
	EndProjectSection
EndProject
Project("{8BC9CEB8-8B4A-11D0-8D11-00A0C91BC942}") = "Performance", "Performance\Performance.vcxproj", "{926B48E6-83DD-BA4F-4916-A009B41A5D64}"
	ProjectSection(ProjectDependencies) = postProject
		{7EB0DBBA-B8F5-1FAA-2273-9FF78DE583DA} = {7EB0DBBA-B8F5-1FAA-2273-9FF78DE583DA}
		{46DEB08B-EADC-E032-ADAA-163C844F026A} = {46DEB08B-EADC-E032-ADAA-163C844F026A}
	EndProjectSection
EndProject
Project("{8BC9CEB8-8B4A-11D0-8D11-00A0C91BC942}") = "ProgGen", "ProgGen\ProgGen.vcxproj", "{1B03C539-CB39-417E-A0AF-971075611195}"
	ProjectSection(ProjectDependencies) = postProject
		{DD8FDC27-6BE5-1055-7828-208A30F4965E} = {DD8FDC27-6BE5-1055-7828-208A30F4965E}
		{8765E867-A958-EA11-3B91-2D0D7DC9C760} = {8765E867-A958-EA11-3B91-2D0D7DC9C760}
		{4AAC5556-4C8B-0B2F-85BE-FB30364F90C5} = {4AAC5556-4C8B-0B2F-85BE-FB30364F90C5}
		{B2751BBA-6A7D-6463-9151-2E3075A30225} = {B2751BBA-6A7D-6463-9151-2E3075A30225}
		{7EB0DBBA-B8F5-1FAA-2273-9FF78DE583DA} = {7EB0DBBA-B8F5-1FAA-2273-9FF78DE583DA}
		{F02700E3-2E0C-050F-7586-95A402ADB162} = {F02700E3-2E0C-050F-7586-95A402ADB162}
		{46DEB08B-EADC-E032-ADAA-163C844F026A} = {46DEB08B-EADC-E032-ADAA-163C844F026A}
	EndProjectSection
EndProject
Project("{8BC9CEB8-8B4A-11D0-8D11-00A0C91BC942}") = "Results", "Results\Results.vcxproj", "{A443214D-8640-1165-2320-2E8F281DCE90}"
EndProject
Project("{8BC9CEB8-8B4A-11D0-8D11-00A0C91BC942}") = "camalgn", "camalgn\camalgn.vcxproj", "{F02700E3-2E0C-050F-7586-95A402ADB162}"
	ProjectSection(ProjectDependencies) = postProject
		{BAAF592F-90DE-D3A2-F56E-8E90926BC123} = {BAAF592F-90DE-D3A2-F56E-8E90926BC123}
		{EE8F24BB-E33D-1F53-AE46-C4B3DB9E885A} = {EE8F24BB-E33D-1F53-AE46-C4B3DB9E885A}
		{DD8FDC27-6BE5-1055-7828-208A30F4965E} = {DD8FDC27-6BE5-1055-7828-208A30F4965E}
		{8765E867-A958-EA11-3B91-2D0D7DC9C760} = {8765E867-A958-EA11-3B91-2D0D7DC9C760}
		{A443214D-8640-1165-2320-2E8F281DCE90} = {A443214D-8640-1165-2320-2E8F281DCE90}
		{09C1B4A5-60A4-7508-3291-3050848E1BAC} = {09C1B4A5-60A4-7508-3291-3050848E1BAC}
	EndProjectSection
EndProject
Project("{8BC9CEB8-8B4A-11D0-8D11-00A0C91BC942}") = "camera", "camera\cameraOtpinet.vcxproj", "{1DE201CF-5A2B-EE9A-BBF5-D5B76C3E9675}"
EndProject
Project("{8BC9CEB8-8B4A-11D0-8D11-00A0C91BC942}") = "checkers", "checkers\checkers.vcxproj", "{51F4D960-EFD3-AD4A-BAA6-37B61A2069A3}"
	ProjectSection(ProjectDependencies) = postProject
		{BAAF592F-90DE-D3A2-F56E-8E90926BC123} = {BAAF592F-90DE-D3A2-F56E-8E90926BC123}
		{8765E867-A958-EA11-3B91-2D0D7DC9C760} = {8765E867-A958-EA11-3B91-2D0D7DC9C760}
		{4AAC5556-4C8B-0B2F-85BE-FB30364F90C5} = {4AAC5556-4C8B-0B2F-85BE-FB30364F90C5}
		{1DE201CF-5A2B-EE9A-BBF5-D5B76C3E9675} = {1DE201CF-5A2B-EE9A-BBF5-D5B76C3E9675}
		{16512F67-4263-0DB9-3393-540D1859E501} = {16512F67-4263-0DB9-3393-540D1859E501}
		{46DEB08B-EADC-E032-ADAA-163C844F026A} = {46DEB08B-EADC-E032-ADAA-163C844F026A}
	EndProjectSection
EndProject
Project("{8BC9CEB8-8B4A-11D0-8D11-00A0C91BC942}") = "config", "config\config.vcxproj", "{86D6E1D3-23AE-519C-6737-C0A560CDFA1C}"
EndProject
Project("{8BC9CEB8-8B4A-11D0-8D11-00A0C91BC942}") = "conveyor", "conveyor\conveyor.vcxproj", "{2A2BF068-5967-05CD-B12A-CD62AF4EFE7B}"
EndProject
Project("{8BC9CEB8-8B4A-11D0-8D11-00A0C91BC942}") = "dserv", "dserv\dserv.vcxproj", "{06B3C409-77FE-8AF3-EFAD-44BACA8255D5}"
EndProject
Project("{8BC9CEB8-8B4A-11D0-8D11-00A0C91BC942}") = "evmgr", "evmgr\evmgr.vcxproj", "{46DEB08B-EADC-E032-ADAA-163C844F026A}"
EndProject
Project("{8BC9CEB8-8B4A-11D0-8D11-00A0C91BC942}") = "flash", "flash\flash.vcxproj", "{3D79678F-097F-C3A3-B009-C87DB7518C7D}"
	ProjectSection(ProjectDependencies) = postProject
		{5C2EDF8D-5FED-EB0E-9207-50C47DDEB2E9} = {5C2EDF8D-5FED-EB0E-9207-50C47DDEB2E9}
		{16512F67-4263-0DB9-3393-540D1859E501} = {16512F67-4263-0DB9-3393-540D1859E501}
	EndProjectSection
EndProject
Project("{8BC9CEB8-8B4A-11D0-8D11-00A0C91BC942}") = "hardwareIO", "hardwareIO\hardwareIO.vcxproj", "{4AAC5556-4C8B-0B2F-85BE-FB30364F90C5}"
	ProjectSection(ProjectDependencies) = postProject
		{BAAF592F-90DE-D3A2-F56E-8E90926BC123} = {BAAF592F-90DE-D3A2-F56E-8E90926BC123}
		{46DEB08B-EADC-E032-ADAA-163C844F026A} = {46DEB08B-EADC-E032-ADAA-163C844F026A}
	EndProjectSection
EndProject
Project("{8BC9CEB8-8B4A-11D0-8D11-00A0C91BC942}") = "htmlhelp", "htmlhelp\htmlhelp.vcxproj", "{F9A57760-BE1D-C079-6B2C-A78C68D4E0B3}"
EndProject
Project("{8BC9CEB8-8B4A-11D0-8D11-00A0C91BC942}") = "interface", "interface\interface.vcxproj", "{951E3902-0E59-714E-9F2F-5B5A68BDA8B7}"
	ProjectSection(ProjectDependencies) = postProject
		{3D79678F-097F-C3A3-B009-C87DB7518C7D} = {3D79678F-097F-C3A3-B009-C87DB7518C7D}
	EndProjectSection
EndProject
Project("{8BC9CEB8-8B4A-11D0-8D11-00A0C91BC942}") = "jamdll", "jamdll\jamdll.vcxproj", "{5C2EDF8D-5FED-EB0E-9207-50C47DDEB2E9}"
EndProject
Project("{8BC9CEB8-8B4A-11D0-8D11-00A0C91BC942}") = "lutil", "lutil\lutil.vcxproj", "{EE8F24BB-E33D-1F53-AE46-C4B3DB9E885A}"
EndProject
Project("{8BC9CEB8-8B4A-11D0-8D11-00A0C91BC942}") = "motors", "motors\motors.vcxproj", "{BAAF592F-90DE-D3A2-F56E-8E90926BC123}"
	ProjectSection(ProjectDependencies) = postProject
		{BF4BE45C-E8CA-7CC8-CE27-C59DD79FE446} = {BF4BE45C-E8CA-7CC8-CE27-C59DD79FE446}
		{16512F67-4263-0DB9-3393-540D1859E501} = {16512F67-4263-0DB9-3393-540D1859E501}
		{09C1B4A5-60A4-7508-3291-3050848E1BAC} = {09C1B4A5-60A4-7508-3291-3050848E1BAC}
		{46DEB08B-EADC-E032-ADAA-163C844F026A} = {46DEB08B-EADC-E032-ADAA-163C844F026A}
	EndProjectSection
EndProject
Project("{8BC9CEB8-8B4A-11D0-8D11-00A0C91BC942}") = "msgs", "msgs\msgs.vcxproj", "{09C1B4A5-60A4-7508-3291-3050848E1BAC}"
EndProject
Project("{8BC9CEB8-8B4A-11D0-8D11-00A0C91BC942}") = "optima", "optima\optima.vcxproj", "{3531928A-E353-DF46-28F9-C7E3AE2D5E71}"
	ProjectSection(ProjectDependencies) = postProject
		{1B03C539-CB39-417E-A0AF-971075611195} = {1B03C539-CB39-417E-A0AF-971075611195}
		{BAAF592F-90DE-D3A2-F56E-8E90926BC123} = {BAAF592F-90DE-D3A2-F56E-8E90926BC123}
		{06B3C409-77FE-8AF3-EFAD-44BACA8255D5} = {06B3C409-77FE-8AF3-EFAD-44BACA8255D5}
		{BF4BE45C-E8CA-7CC8-CE27-C59DD79FE446} = {BF4BE45C-E8CA-7CC8-CE27-C59DD79FE446}
		{798F2B4F-C289-43EE-8681-FADAE6028EF3} = {798F2B4F-C289-43EE-8681-FADAE6028EF3}
		{951E3902-0E59-714E-9F2F-5B5A68BDA8B7} = {951E3902-0E59-714E-9F2F-5B5A68BDA8B7}
		{2A2BF068-5967-05CD-B12A-CD62AF4EFE7B} = {2A2BF068-5967-05CD-B12A-CD62AF4EFE7B}
		{86D6E1D3-23AE-519C-6737-C0A560CDFA1C} = {86D6E1D3-23AE-519C-6737-C0A560CDFA1C}
		{EE8F24BB-E33D-1F53-AE46-C4B3DB9E885A} = {EE8F24BB-E33D-1F53-AE46-C4B3DB9E885A}
		{DD8FDC27-6BE5-1055-7828-208A30F4965E} = {DD8FDC27-6BE5-1055-7828-208A30F4965E}
		{8765E867-A958-EA11-3B91-2D0D7DC9C760} = {8765E867-A958-EA11-3B91-2D0D7DC9C760}
		{4AAC5556-4C8B-0B2F-85BE-FB30364F90C5} = {4AAC5556-4C8B-0B2F-85BE-FB30364F90C5}
		{A443214D-8640-1165-2320-2E8F281DCE90} = {A443214D-8640-1165-2320-2E8F281DCE90}
		{3D7BE7A6-7E4C-D694-21D8-6780DBD12E23} = {3D7BE7A6-7E4C-D694-21D8-6780DBD12E23}
		{5C2EDF8D-5FED-EB0E-9207-50C47DDEB2E9} = {5C2EDF8D-5FED-EB0E-9207-50C47DDEB2E9}
		{1DE201CF-5A2B-EE9A-BBF5-D5B76C3E9675} = {1DE201CF-5A2B-EE9A-BBF5-D5B76C3E9675}
		{B2751BBA-6A7D-6463-9151-2E3075A30225} = {B2751BBA-6A7D-6463-9151-2E3075A30225}
		{59195744-AFDA-9986-7554-0E34214EB081} = {59195744-AFDA-9986-7554-0E34214EB081}
		{16512F67-4263-0DB9-3393-540D1859E501} = {16512F67-4263-0DB9-3393-540D1859E501}
		{7EB0DBBA-B8F5-1FAA-2273-9FF78DE583DA} = {7EB0DBBA-B8F5-1FAA-2273-9FF78DE583DA}
		{F9A57760-BE1D-C079-6B2C-A78C68D4E0B3} = {F9A57760-BE1D-C079-6B2C-A78C68D4E0B3}
		{F02700E3-2E0C-050F-7586-95A402ADB162} = {F02700E3-2E0C-050F-7586-95A402ADB162}
		{2FE73502-792A-C59C-2E3C-5ACA4CF11CF7} = {2FE73502-792A-C59C-2E3C-5ACA4CF11CF7}
		{76B638A1-E530-3E23-E446-3D6AA1BD16D7} = {76B638A1-E530-3E23-E446-3D6AA1BD16D7}
		{09C1B4A5-60A4-7508-3291-3050848E1BAC} = {09C1B4A5-60A4-7508-3291-3050848E1BAC}
		{BC96DA5D-BF66-84F9-9247-148D7B8E813E} = {BC96DA5D-BF66-84F9-9247-148D7B8E813E}
		{51F4D960-EFD3-AD4A-BAA6-37B61A2069A3} = {51F4D960-EFD3-AD4A-BAA6-37B61A2069A3}
		{3D79678F-097F-C3A3-B009-C87DB7518C7D} = {3D79678F-097F-C3A3-B009-C87DB7518C7D}
		{53F3BBE3-66BB-C08B-ABF1-9764B52A41BF} = {53F3BBE3-66BB-C08B-ABF1-9764B52A41BF}
		{BC0113E1-9205-F568-A899-5821ECB95B25} = {BC0113E1-9205-F568-A899-5821ECB95B25}
		{926B48E6-83DD-BA4F-4916-A009B41A5D64} = {926B48E6-83DD-BA4F-4916-A009B41A5D64}
		{46DEB08B-EADC-E032-ADAA-163C844F026A} = {46DEB08B-EADC-E032-ADAA-163C844F026A}
	EndProjectSection
EndProject
Project("{8BC9CEB8-8B4A-11D0-8D11-00A0C91BC942}") = "regsetup", "regsetup\regsetup.vcxproj", "{3D7BE7A6-7E4C-D694-21D8-6780DBD12E23}"
	ProjectSection(ProjectDependencies) = postProject
		{798F2B4F-C289-43EE-8681-FADAE6028EF3} = {798F2B4F-C289-43EE-8681-FADAE6028EF3}
	EndProjectSection
EndProject
Project("{8BC9CEB8-8B4A-11D0-8D11-00A0C91BC942}") = "scanner", "scanner\scanner.vcxproj", "{DD8FDC27-6BE5-1055-7828-208A30F4965E}"
	ProjectSection(ProjectDependencies) = postProject
		{BAAF592F-90DE-D3A2-F56E-8E90926BC123} = {BAAF592F-90DE-D3A2-F56E-8E90926BC123}
		{8765E867-A958-EA11-3B91-2D0D7DC9C760} = {8765E867-A958-EA11-3B91-2D0D7DC9C760}
		{4AAC5556-4C8B-0B2F-85BE-FB30364F90C5} = {4AAC5556-4C8B-0B2F-85BE-FB30364F90C5}
		{A443214D-8640-1165-2320-2E8F281DCE90} = {A443214D-8640-1165-2320-2E8F281DCE90}
		{1DE201CF-5A2B-EE9A-BBF5-D5B76C3E9675} = {1DE201CF-5A2B-EE9A-BBF5-D5B76C3E9675}
		{7EB0DBBA-B8F5-1FAA-2273-9FF78DE583DA} = {7EB0DBBA-B8F5-1FAA-2273-9FF78DE583DA}
		{09C1B4A5-60A4-7508-3291-3050848E1BAC} = {09C1B4A5-60A4-7508-3291-3050848E1BAC}
		{46DEB08B-EADC-E032-ADAA-163C844F026A} = {46DEB08B-EADC-E032-ADAA-163C844F026A}
	EndProjectSection
EndProject
Project("{8BC9CEB8-8B4A-11D0-8D11-00A0C91BC942}") = "setup", "setup\setup.vcxproj", "{798F2B4F-C289-43EE-8681-FADAE6028EF3}"
EndProject
Project("{8BC9CEB8-8B4A-11D0-8D11-00A0C91BC942}") = "statectrl", "statectrl\statectrl.vcxproj", "{B2751BBA-6A7D-6463-9151-2E3075A30225}"
EndProject
Project("{8BC9CEB8-8B4A-11D0-8D11-00A0C91BC942}") = "support", "support\support.vcxproj", "{8765E867-A958-EA11-3B91-2D0D7DC9C760}"
	ProjectSection(ProjectDependencies) = postProject
		{09C1B4A5-60A4-7508-3291-3050848E1BAC} = {09C1B4A5-60A4-7508-3291-3050848E1BAC}
	EndProjectSection
EndProject
Project("{8BC9CEB8-8B4A-11D0-8D11-00A0C91BC942}") = "wc140", "wc140\wc140.vcxproj", "{76B638A1-E530-3E23-E446-3D6AA1BD16D7}"
EndProject
Project("{8BC9CEB8-8B4A-11D0-8D11-00A0C91BC942}") = "Pciio", "pciio\Pciio.vcxproj", "{7F4E895E-C090-B042-C4D6-AE71D99D62DE}"
EndProject
Global
	GlobalSection(SolutionConfigurationPlatforms) = preSolution
		Clean|Win32 = Clean|Win32
		Debug|Win32 = Debug|Win32
		Release|Win32 = Release|Win32
		Template|Win32 = Template|Win32
	EndGlobalSection
	GlobalSection(ProjectConfigurationPlatforms) = postSolution
		{16512F67-4263-0DB9-3393-540D1859E501}.Clean|Win32.ActiveCfg = Release|Win32
		{16512F67-4263-0DB9-3393-540D1859E501}.Clean|Win32.Build.0 = Release|Win32
		{16512F67-4263-0DB9-3393-540D1859E501}.Debug|Win32.ActiveCfg = Debug|Win32
		{16512F67-4263-0DB9-3393-540D1859E501}.Debug|Win32.Build.0 = Debug|Win32
		{16512F67-4263-0DB9-3393-540D1859E501}.Release|Win32.ActiveCfg = Release|Win32
		{16512F67-4263-0DB9-3393-540D1859E501}.Release|Win32.Build.0 = Release|Win32
		{16512F67-4263-0DB9-3393-540D1859E501}.Template|Win32.ActiveCfg = Release|Win32
		{16512F67-4263-0DB9-3393-540D1859E501}.Template|Win32.Build.0 = Release|Win32
		{53F3BBE3-66BB-C08B-ABF1-9764B52A41BF}.Clean|Win32.ActiveCfg = Template|Win32
		{53F3BBE3-66BB-C08B-ABF1-9764B52A41BF}.Clean|Win32.Build.0 = Template|Win32
		{53F3BBE3-66BB-C08B-ABF1-9764B52A41BF}.Debug|Win32.ActiveCfg = Debug|Win32
		{53F3BBE3-66BB-C08B-ABF1-9764B52A41BF}.Debug|Win32.Build.0 = Debug|Win32
		{53F3BBE3-66BB-C08B-ABF1-9764B52A41BF}.Release|Win32.ActiveCfg = Release|Win32
		{53F3BBE3-66BB-C08B-ABF1-9764B52A41BF}.Release|Win32.Build.0 = Release|Win32
		{53F3BBE3-66BB-C08B-ABF1-9764B52A41BF}.Template|Win32.ActiveCfg = Template|Win32
		{53F3BBE3-66BB-C08B-ABF1-9764B52A41BF}.Template|Win32.Build.0 = Template|Win32
		{7EB0DBBA-B8F5-1FAA-2273-9FF78DE583DA}.Clean|Win32.ActiveCfg = Template|Win32
		{7EB0DBBA-B8F5-1FAA-2273-9FF78DE583DA}.Clean|Win32.Build.0 = Template|Win32
		{7EB0DBBA-B8F5-1FAA-2273-9FF78DE583DA}.Debug|Win32.ActiveCfg = Debug|Win32
		{7EB0DBBA-B8F5-1FAA-2273-9FF78DE583DA}.Debug|Win32.Build.0 = Debug|Win32
		{7EB0DBBA-B8F5-1FAA-2273-9FF78DE583DA}.Release|Win32.ActiveCfg = Release|Win32
		{7EB0DBBA-B8F5-1FAA-2273-9FF78DE583DA}.Release|Win32.Build.0 = Release|Win32
		{7EB0DBBA-B8F5-1FAA-2273-9FF78DE583DA}.Template|Win32.ActiveCfg = Template|Win32
		{7EB0DBBA-B8F5-1FAA-2273-9FF78DE583DA}.Template|Win32.Build.0 = Template|Win32
		{BC96DA5D-BF66-84F9-9247-148D7B8E813E}.Clean|Win32.ActiveCfg = Template|Win32
		{BC96DA5D-BF66-84F9-9247-148D7B8E813E}.Clean|Win32.Build.0 = Template|Win32
		{BC96DA5D-BF66-84F9-9247-148D7B8E813E}.Debug|Win32.ActiveCfg = Debug|Win32
		{BC96DA5D-BF66-84F9-9247-148D7B8E813E}.Debug|Win32.Build.0 = Debug|Win32
		{BC96DA5D-BF66-84F9-9247-148D7B8E813E}.Release|Win32.ActiveCfg = Release|Win32
		{BC96DA5D-BF66-84F9-9247-148D7B8E813E}.Release|Win32.Build.0 = Release|Win32
		{BC96DA5D-BF66-84F9-9247-148D7B8E813E}.Template|Win32.ActiveCfg = Template|Win32
		{BC96DA5D-BF66-84F9-9247-148D7B8E813E}.Template|Win32.Build.0 = Template|Win32
		{2FE73502-792A-C59C-2E3C-5ACA4CF11CF7}.Clean|Win32.ActiveCfg = Template|Win32
		{2FE73502-792A-C59C-2E3C-5ACA4CF11CF7}.Clean|Win32.Build.0 = Template|Win32
		{2FE73502-792A-C59C-2E3C-5ACA4CF11CF7}.Debug|Win32.ActiveCfg = Debug|Win32
		{2FE73502-792A-C59C-2E3C-5ACA4CF11CF7}.Debug|Win32.Build.0 = Debug|Win32
		{2FE73502-792A-C59C-2E3C-5ACA4CF11CF7}.Release|Win32.ActiveCfg = Release|Win32
		{2FE73502-792A-C59C-2E3C-5ACA4CF11CF7}.Release|Win32.Build.0 = Release|Win32
		{2FE73502-792A-C59C-2E3C-5ACA4CF11CF7}.Template|Win32.ActiveCfg = Template|Win32
		{2FE73502-792A-C59C-2E3C-5ACA4CF11CF7}.Template|Win32.Build.0 = Template|Win32
		{BF4BE45C-E8CA-7CC8-CE27-C59DD79FE446}.Clean|Win32.ActiveCfg = Template|Win32
		{BF4BE45C-E8CA-7CC8-CE27-C59DD79FE446}.Clean|Win32.Build.0 = Template|Win32
		{BF4BE45C-E8CA-7CC8-CE27-C59DD79FE446}.Debug|Win32.ActiveCfg = Debug|Win32
		{BF4BE45C-E8CA-7CC8-CE27-C59DD79FE446}.Debug|Win32.Build.0 = Debug|Win32
		{BF4BE45C-E8CA-7CC8-CE27-C59DD79FE446}.Release|Win32.ActiveCfg = Release|Win32
		{BF4BE45C-E8CA-7CC8-CE27-C59DD79FE446}.Release|Win32.Build.0 = Release|Win32
		{BF4BE45C-E8CA-7CC8-CE27-C59DD79FE446}.Template|Win32.ActiveCfg = Template|Win32
		{BF4BE45C-E8CA-7CC8-CE27-C59DD79FE446}.Template|Win32.Build.0 = Template|Win32
		{BC0113E1-9205-F568-A899-5821ECB95B25}.Clean|Win32.ActiveCfg = Template|Win32
		{BC0113E1-9205-F568-A899-5821ECB95B25}.Clean|Win32.Build.0 = Template|Win32
		{BC0113E1-9205-F568-A899-5821ECB95B25}.Debug|Win32.ActiveCfg = Debug|Win32
		{BC0113E1-9205-F568-A899-5821ECB95B25}.Debug|Win32.Build.0 = Debug|Win32
		{BC0113E1-9205-F568-A899-5821ECB95B25}.Release|Win32.ActiveCfg = Release|Win32
		{BC0113E1-9205-F568-A899-5821ECB95B25}.Release|Win32.Build.0 = Release|Win32
		{BC0113E1-9205-F568-A899-5821ECB95B25}.Template|Win32.ActiveCfg = Template|Win32
		{BC0113E1-9205-F568-A899-5821ECB95B25}.Template|Win32.Build.0 = Template|Win32
		{59195744-AFDA-9986-7554-0E34214EB081}.Clean|Win32.ActiveCfg = Template|Win32
		{59195744-AFDA-9986-7554-0E34214EB081}.Clean|Win32.Build.0 = Template|Win32
		{59195744-AFDA-9986-7554-0E34214EB081}.Debug|Win32.ActiveCfg = Debug|Win32
		{59195744-AFDA-9986-7554-0E34214EB081}.Debug|Win32.Build.0 = Debug|Win32
		{59195744-AFDA-9986-7554-0E34214EB081}.Release|Win32.ActiveCfg = Release|Win32
		{59195744-AFDA-9986-7554-0E34214EB081}.Release|Win32.Build.0 = Release|Win32
		{59195744-AFDA-9986-7554-0E34214EB081}.Template|Win32.ActiveCfg = Template|Win32
		{59195744-AFDA-9986-7554-0E34214EB081}.Template|Win32.Build.0 = Template|Win32
		{926B48E6-83DD-BA4F-4916-A009B41A5D64}.Clean|Win32.ActiveCfg = Template|Win32
		{926B48E6-83DD-BA4F-4916-A009B41A5D64}.Clean|Win32.Build.0 = Template|Win32
		{926B48E6-83DD-BA4F-4916-A009B41A5D64}.Debug|Win32.ActiveCfg = Debug|Win32
		{926B48E6-83DD-BA4F-4916-A009B41A5D64}.Debug|Win32.Build.0 = Debug|Win32
		{926B48E6-83DD-BA4F-4916-A009B41A5D64}.Release|Win32.ActiveCfg = Release|Win32
		{926B48E6-83DD-BA4F-4916-A009B41A5D64}.Release|Win32.Build.0 = Release|Win32
		{926B48E6-83DD-BA4F-4916-A009B41A5D64}.Template|Win32.ActiveCfg = Template|Win32
		{926B48E6-83DD-BA4F-4916-A009B41A5D64}.Template|Win32.Build.0 = Template|Win32
		{1B03C539-CB39-417E-A0AF-971075611195}.Clean|Win32.ActiveCfg = Template|Win32
		{1B03C539-CB39-417E-A0AF-971075611195}.Clean|Win32.Build.0 = Template|Win32
		{1B03C539-CB39-417E-A0AF-971075611195}.Debug|Win32.ActiveCfg = Debug|Win32
		{1B03C539-CB39-417E-A0AF-971075611195}.Debug|Win32.Build.0 = Debug|Win32
		{1B03C539-CB39-417E-A0AF-971075611195}.Release|Win32.ActiveCfg = Release|Win32
		{1B03C539-CB39-417E-A0AF-971075611195}.Release|Win32.Build.0 = Release|Win32
		{1B03C539-CB39-417E-A0AF-971075611195}.Template|Win32.ActiveCfg = Template|Win32
		{1B03C539-CB39-417E-A0AF-971075611195}.Template|Win32.Build.0 = Template|Win32
		{A443214D-8640-1165-2320-2E8F281DCE90}.Clean|Win32.ActiveCfg = Template|Win32
		{A443214D-8640-1165-2320-2E8F281DCE90}.Clean|Win32.Build.0 = Template|Win32
		{A443214D-8640-1165-2320-2E8F281DCE90}.Debug|Win32.ActiveCfg = Debug|Win32
		{A443214D-8640-1165-2320-2E8F281DCE90}.Debug|Win32.Build.0 = Debug|Win32
		{A443214D-8640-1165-2320-2E8F281DCE90}.Release|Win32.ActiveCfg = Release|Win32
		{A443214D-8640-1165-2320-2E8F281DCE90}.Release|Win32.Build.0 = Release|Win32
		{A443214D-8640-1165-2320-2E8F281DCE90}.Template|Win32.ActiveCfg = Template|Win32
		{A443214D-8640-1165-2320-2E8F281DCE90}.Template|Win32.Build.0 = Template|Win32
		{F02700E3-2E0C-050F-7586-95A402ADB162}.Clean|Win32.ActiveCfg = Template|Win32
		{F02700E3-2E0C-050F-7586-95A402ADB162}.Clean|Win32.Build.0 = Template|Win32
		{F02700E3-2E0C-050F-7586-95A402ADB162}.Debug|Win32.ActiveCfg = Debug|Win32
		{F02700E3-2E0C-050F-7586-95A402ADB162}.Debug|Win32.Build.0 = Debug|Win32
		{F02700E3-2E0C-050F-7586-95A402ADB162}.Release|Win32.ActiveCfg = Release|Win32
		{F02700E3-2E0C-050F-7586-95A402ADB162}.Release|Win32.Build.0 = Release|Win32
		{F02700E3-2E0C-050F-7586-95A402ADB162}.Template|Win32.ActiveCfg = Template|Win32
		{F02700E3-2E0C-050F-7586-95A402ADB162}.Template|Win32.Build.0 = Template|Win32
		{1DE201CF-5A2B-EE9A-BBF5-D5B76C3E9675}.Clean|Win32.ActiveCfg = Template|Win32
		{1DE201CF-5A2B-EE9A-BBF5-D5B76C3E9675}.Clean|Win32.Build.0 = Template|Win32
		{1DE201CF-5A2B-EE9A-BBF5-D5B76C3E9675}.Debug|Win32.ActiveCfg = Debug|Win32
		{1DE201CF-5A2B-EE9A-BBF5-D5B76C3E9675}.Debug|Win32.Build.0 = Debug|Win32
		{1DE201CF-5A2B-EE9A-BBF5-D5B76C3E9675}.Release|Win32.ActiveCfg = Release|Win32
		{1DE201CF-5A2B-EE9A-BBF5-D5B76C3E9675}.Release|Win32.Build.0 = Release|Win32
		{1DE201CF-5A2B-EE9A-BBF5-D5B76C3E9675}.Template|Win32.ActiveCfg = Template|Win32
		{1DE201CF-5A2B-EE9A-BBF5-D5B76C3E9675}.Template|Win32.Build.0 = Template|Win32
		{51F4D960-EFD3-AD4A-BAA6-37B61A2069A3}.Clean|Win32.ActiveCfg = Template|Win32
		{51F4D960-EFD3-AD4A-BAA6-37B61A2069A3}.Clean|Win32.Build.0 = Template|Win32
		{51F4D960-EFD3-AD4A-BAA6-37B61A2069A3}.Debug|Win32.ActiveCfg = Debug|Win32
		{51F4D960-EFD3-AD4A-BAA6-37B61A2069A3}.Debug|Win32.Build.0 = Debug|Win32
		{51F4D960-EFD3-AD4A-BAA6-37B61A2069A3}.Release|Win32.ActiveCfg = Release|Win32
		{51F4D960-EFD3-AD4A-BAA6-37B61A2069A3}.Release|Win32.Build.0 = Release|Win32
		{51F4D960-EFD3-AD4A-BAA6-37B61A2069A3}.Template|Win32.ActiveCfg = Template|Win32
		{51F4D960-EFD3-AD4A-BAA6-37B61A2069A3}.Template|Win32.Build.0 = Template|Win32
		{86D6E1D3-23AE-519C-6737-C0A560CDFA1C}.Clean|Win32.ActiveCfg = Template|Win32
		{86D6E1D3-23AE-519C-6737-C0A560CDFA1C}.Clean|Win32.Build.0 = Template|Win32
		{86D6E1D3-23AE-519C-6737-C0A560CDFA1C}.Debug|Win32.ActiveCfg = Debug|Win32
		{86D6E1D3-23AE-519C-6737-C0A560CDFA1C}.Debug|Win32.Build.0 = Debug|Win32
		{86D6E1D3-23AE-519C-6737-C0A560CDFA1C}.Release|Win32.ActiveCfg = Release|Win32
		{86D6E1D3-23AE-519C-6737-C0A560CDFA1C}.Release|Win32.Build.0 = Release|Win32
		{86D6E1D3-23AE-519C-6737-C0A560CDFA1C}.Template|Win32.ActiveCfg = Template|Win32
		{86D6E1D3-23AE-519C-6737-C0A560CDFA1C}.Template|Win32.Build.0 = Template|Win32
		{2A2BF068-5967-05CD-B12A-CD62AF4EFE7B}.Clean|Win32.ActiveCfg = Template|Win32
		{2A2BF068-5967-05CD-B12A-CD62AF4EFE7B}.Clean|Win32.Build.0 = Template|Win32
		{2A2BF068-5967-05CD-B12A-CD62AF4EFE7B}.Debug|Win32.ActiveCfg = Debug|Win32
		{2A2BF068-5967-05CD-B12A-CD62AF4EFE7B}.Debug|Win32.Build.0 = Debug|Win32
		{2A2BF068-5967-05CD-B12A-CD62AF4EFE7B}.Release|Win32.ActiveCfg = Release|Win32
		{2A2BF068-5967-05CD-B12A-CD62AF4EFE7B}.Release|Win32.Build.0 = Release|Win32
		{2A2BF068-5967-05CD-B12A-CD62AF4EFE7B}.Template|Win32.ActiveCfg = Template|Win32
		{2A2BF068-5967-05CD-B12A-CD62AF4EFE7B}.Template|Win32.Build.0 = Template|Win32
		{06B3C409-77FE-8AF3-EFAD-44BACA8255D5}.Clean|Win32.ActiveCfg = Template|Win32
		{06B3C409-77FE-8AF3-EFAD-44BACA8255D5}.Clean|Win32.Build.0 = Template|Win32
		{06B3C409-77FE-8AF3-EFAD-44BACA8255D5}.Debug|Win32.ActiveCfg = Debug|Win32
		{06B3C409-77FE-8AF3-EFAD-44BACA8255D5}.Debug|Win32.Build.0 = Debug|Win32
		{06B3C409-77FE-8AF3-EFAD-44BACA8255D5}.Release|Win32.ActiveCfg = Release|Win32
		{06B3C409-77FE-8AF3-EFAD-44BACA8255D5}.Release|Win32.Build.0 = Release|Win32
		{06B3C409-77FE-8AF3-EFAD-44BACA8255D5}.Template|Win32.ActiveCfg = Template|Win32
		{06B3C409-77FE-8AF3-EFAD-44BACA8255D5}.Template|Win32.Build.0 = Template|Win32
		{46DEB08B-EADC-E032-ADAA-163C844F026A}.Clean|Win32.ActiveCfg = Template|Win32
		{46DEB08B-EADC-E032-ADAA-163C844F026A}.Clean|Win32.Build.0 = Template|Win32
		{46DEB08B-EADC-E032-ADAA-163C844F026A}.Debug|Win32.ActiveCfg = Debug|Win32
		{46DEB08B-EADC-E032-ADAA-163C844F026A}.Debug|Win32.Build.0 = Debug|Win32
		{46DEB08B-EADC-E032-ADAA-163C844F026A}.Release|Win32.ActiveCfg = Release|Win32
		{46DEB08B-EADC-E032-ADAA-163C844F026A}.Release|Win32.Build.0 = Release|Win32
		{46DEB08B-EADC-E032-ADAA-163C844F026A}.Template|Win32.ActiveCfg = Template|Win32
		{46DEB08B-EADC-E032-ADAA-163C844F026A}.Template|Win32.Build.0 = Template|Win32
		{3D79678F-097F-C3A3-B009-C87DB7518C7D}.Clean|Win32.ActiveCfg = Template|Win32
		{3D79678F-097F-C3A3-B009-C87DB7518C7D}.Clean|Win32.Build.0 = Template|Win32
		{3D79678F-097F-C3A3-B009-C87DB7518C7D}.Debug|Win32.ActiveCfg = Debug|Win32
		{3D79678F-097F-C3A3-B009-C87DB7518C7D}.Debug|Win32.Build.0 = Debug|Win32
		{3D79678F-097F-C3A3-B009-C87DB7518C7D}.Release|Win32.ActiveCfg = Release|Win32
		{3D79678F-097F-C3A3-B009-C87DB7518C7D}.Release|Win32.Build.0 = Release|Win32
		{3D79678F-097F-C3A3-B009-C87DB7518C7D}.Template|Win32.ActiveCfg = Template|Win32
		{3D79678F-097F-C3A3-B009-C87DB7518C7D}.Template|Win32.Build.0 = Template|Win32
		{4AAC5556-4C8B-0B2F-85BE-FB30364F90C5}.Clean|Win32.ActiveCfg = Template|Win32
		{4AAC5556-4C8B-0B2F-85BE-FB30364F90C5}.Clean|Win32.Build.0 = Template|Win32
		{4AAC5556-4C8B-0B2F-85BE-FB30364F90C5}.Debug|Win32.ActiveCfg = Debug|Win32
		{4AAC5556-4C8B-0B2F-85BE-FB30364F90C5}.Debug|Win32.Build.0 = Debug|Win32
		{4AAC5556-4C8B-0B2F-85BE-FB30364F90C5}.Release|Win32.ActiveCfg = Release|Win32
		{4AAC5556-4C8B-0B2F-85BE-FB30364F90C5}.Release|Win32.Build.0 = Release|Win32
		{4AAC5556-4C8B-0B2F-85BE-FB30364F90C5}.Template|Win32.ActiveCfg = Template|Win32
		{4AAC5556-4C8B-0B2F-85BE-FB30364F90C5}.Template|Win32.Build.0 = Template|Win32
		{F9A57760-BE1D-C079-6B2C-A78C68D4E0B3}.Clean|Win32.ActiveCfg = Template|Win32
		{F9A57760-BE1D-C079-6B2C-A78C68D4E0B3}.Clean|Win32.Build.0 = Template|Win32
		{F9A57760-BE1D-C079-6B2C-A78C68D4E0B3}.Debug|Win32.ActiveCfg = Debug|Win32
		{F9A57760-BE1D-C079-6B2C-A78C68D4E0B3}.Debug|Win32.Build.0 = Debug|Win32
		{F9A57760-BE1D-C079-6B2C-A78C68D4E0B3}.Release|Win32.ActiveCfg = Release|Win32
		{F9A57760-BE1D-C079-6B2C-A78C68D4E0B3}.Release|Win32.Build.0 = Release|Win32
		{F9A57760-BE1D-C079-6B2C-A78C68D4E0B3}.Template|Win32.ActiveCfg = Template|Win32
		{F9A57760-BE1D-C079-6B2C-A78C68D4E0B3}.Template|Win32.Build.0 = Template|Win32
		{951E3902-0E59-714E-9F2F-5B5A68BDA8B7}.Clean|Win32.ActiveCfg = Template|Win32
		{951E3902-0E59-714E-9F2F-5B5A68BDA8B7}.Clean|Win32.Build.0 = Template|Win32
		{951E3902-0E59-714E-9F2F-5B5A68BDA8B7}.Debug|Win32.ActiveCfg = Debug|Win32
		{951E3902-0E59-714E-9F2F-5B5A68BDA8B7}.Debug|Win32.Build.0 = Debug|Win32
		{951E3902-0E59-714E-9F2F-5B5A68BDA8B7}.Release|Win32.ActiveCfg = Release|Win32
		{951E3902-0E59-714E-9F2F-5B5A68BDA8B7}.Release|Win32.Build.0 = Release|Win32
		{951E3902-0E59-714E-9F2F-5B5A68BDA8B7}.Template|Win32.ActiveCfg = Template|Win32
		{951E3902-0E59-714E-9F2F-5B5A68BDA8B7}.Template|Win32.Build.0 = Template|Win32
		{5C2EDF8D-5FED-EB0E-9207-50C47DDEB2E9}.Clean|Win32.ActiveCfg = Template|Win32
		{5C2EDF8D-5FED-EB0E-9207-50C47DDEB2E9}.Clean|Win32.Build.0 = Template|Win32
		{5C2EDF8D-5FED-EB0E-9207-50C47DDEB2E9}.Debug|Win32.ActiveCfg = Debug|Win32
		{5C2EDF8D-5FED-EB0E-9207-50C47DDEB2E9}.Debug|Win32.Build.0 = Debug|Win32
		{5C2EDF8D-5FED-EB0E-9207-50C47DDEB2E9}.Release|Win32.ActiveCfg = Release|Win32
		{5C2EDF8D-5FED-EB0E-9207-50C47DDEB2E9}.Release|Win32.Build.0 = Release|Win32
		{5C2EDF8D-5FED-EB0E-9207-50C47DDEB2E9}.Template|Win32.ActiveCfg = Template|Win32
		{5C2EDF8D-5FED-EB0E-9207-50C47DDEB2E9}.Template|Win32.Build.0 = Template|Win32
		{EE8F24BB-E33D-1F53-AE46-C4B3DB9E885A}.Clean|Win32.ActiveCfg = Template|Win32
		{EE8F24BB-E33D-1F53-AE46-C4B3DB9E885A}.Clean|Win32.Build.0 = Template|Win32
		{EE8F24BB-E33D-1F53-AE46-C4B3DB9E885A}.Debug|Win32.ActiveCfg = Debug|Win32
		{EE8F24BB-E33D-1F53-AE46-C4B3DB9E885A}.Debug|Win32.Build.0 = Debug|Win32
		{EE8F24BB-E33D-1F53-AE46-C4B3DB9E885A}.Release|Win32.ActiveCfg = Release|Win32
		{EE8F24BB-E33D-1F53-AE46-C4B3DB9E885A}.Release|Win32.Build.0 = Release|Win32
		{EE8F24BB-E33D-1F53-AE46-C4B3DB9E885A}.Template|Win32.ActiveCfg = Template|Win32
		{EE8F24BB-E33D-1F53-AE46-C4B3DB9E885A}.Template|Win32.Build.0 = Template|Win32
		{BAAF592F-90DE-D3A2-F56E-8E90926BC123}.Clean|Win32.ActiveCfg = Template|Win32
		{BAAF592F-90DE-D3A2-F56E-8E90926BC123}.Clean|Win32.Build.0 = Template|Win32
		{BAAF592F-90DE-D3A2-F56E-8E90926BC123}.Debug|Win32.ActiveCfg = Debug|Win32
		{BAAF592F-90DE-D3A2-F56E-8E90926BC123}.Debug|Win32.Build.0 = Debug|Win32
		{BAAF592F-90DE-D3A2-F56E-8E90926BC123}.Release|Win32.ActiveCfg = Release|Win32
		{BAAF592F-90DE-D3A2-F56E-8E90926BC123}.Release|Win32.Build.0 = Release|Win32
		{BAAF592F-90DE-D3A2-F56E-8E90926BC123}.Template|Win32.ActiveCfg = Template|Win32
		{BAAF592F-90DE-D3A2-F56E-8E90926BC123}.Template|Win32.Build.0 = Template|Win32
		{09C1B4A5-60A4-7508-3291-3050848E1BAC}.Clean|Win32.ActiveCfg = Template|Win32
		{09C1B4A5-60A4-7508-3291-3050848E1BAC}.Clean|Win32.Build.0 = Template|Win32
		{09C1B4A5-60A4-7508-3291-3050848E1BAC}.Debug|Win32.ActiveCfg = Debug|Win32
		{09C1B4A5-60A4-7508-3291-3050848E1BAC}.Debug|Win32.Build.0 = Debug|Win32
		{09C1B4A5-60A4-7508-3291-3050848E1BAC}.Release|Win32.ActiveCfg = Release|Win32
		{09C1B4A5-60A4-7508-3291-3050848E1BAC}.Release|Win32.Build.0 = Release|Win32
		{09C1B4A5-60A4-7508-3291-3050848E1BAC}.Template|Win32.ActiveCfg = Template|Win32
		{09C1B4A5-60A4-7508-3291-3050848E1BAC}.Template|Win32.Build.0 = Template|Win32
		{3531928A-E353-DF46-28F9-C7E3AE2D5E71}.Clean|Win32.ActiveCfg = Template|Win32
		{3531928A-E353-DF46-28F9-C7E3AE2D5E71}.Clean|Win32.Build.0 = Template|Win32
		{3531928A-E353-DF46-28F9-C7E3AE2D5E71}.Debug|Win32.ActiveCfg = Debug|Win32
		{3531928A-E353-DF46-28F9-C7E3AE2D5E71}.Debug|Win32.Build.0 = Debug|Win32
		{3531928A-E353-DF46-28F9-C7E3AE2D5E71}.Release|Win32.ActiveCfg = Release|Win32
		{3531928A-E353-DF46-28F9-C7E3AE2D5E71}.Release|Win32.Build.0 = Release|Win32
		{3531928A-E353-DF46-28F9-C7E3AE2D5E71}.Template|Win32.ActiveCfg = Template|Win32
		{3531928A-E353-DF46-28F9-C7E3AE2D5E71}.Template|Win32.Build.0 = Template|Win32
		{3D7BE7A6-7E4C-D694-21D8-6780DBD12E23}.Clean|Win32.ActiveCfg = Template|Win32
		{3D7BE7A6-7E4C-D694-21D8-6780DBD12E23}.Clean|Win32.Build.0 = Template|Win32
		{3D7BE7A6-7E4C-D694-21D8-6780DBD12E23}.Debug|Win32.ActiveCfg = Debug|Win32
		{3D7BE7A6-7E4C-D694-21D8-6780DBD12E23}.Debug|Win32.Build.0 = Debug|Win32
		{3D7BE7A6-7E4C-D694-21D8-6780DBD12E23}.Release|Win32.ActiveCfg = Release|Win32
		{3D7BE7A6-7E4C-D694-21D8-6780DBD12E23}.Release|Win32.Build.0 = Release|Win32
		{3D7BE7A6-7E4C-D694-21D8-6780DBD12E23}.Template|Win32.ActiveCfg = Template|Win32
		{3D7BE7A6-7E4C-D694-21D8-6780DBD12E23}.Template|Win32.Build.0 = Template|Win32
		{DD8FDC27-6BE5-1055-7828-208A30F4965E}.Clean|Win32.ActiveCfg = Template|Win32
		{DD8FDC27-6BE5-1055-7828-208A30F4965E}.Clean|Win32.Build.0 = Template|Win32
		{DD8FDC27-6BE5-1055-7828-208A30F4965E}.Debug|Win32.ActiveCfg = Debug|Win32
		{DD8FDC27-6BE5-1055-7828-208A30F4965E}.Debug|Win32.Build.0 = Debug|Win32
		{DD8FDC27-6BE5-1055-7828-208A30F4965E}.Release|Win32.ActiveCfg = Release|Win32
		{DD8FDC27-6BE5-1055-7828-208A30F4965E}.Release|Win32.Build.0 = Release|Win32
		{DD8FDC27-6BE5-1055-7828-208A30F4965E}.Template|Win32.ActiveCfg = Template|Win32
		{DD8FDC27-6BE5-1055-7828-208A30F4965E}.Template|Win32.Build.0 = Template|Win32
		{798F2B4F-C289-43EE-8681-FADAE6028EF3}.Clean|Win32.ActiveCfg = Template|Win32
		{798F2B4F-C289-43EE-8681-FADAE6028EF3}.Clean|Win32.Build.0 = Template|Win32
		{798F2B4F-C289-43EE-8681-FADAE6028EF3}.Debug|Win32.ActiveCfg = Debug|Win32
		{798F2B4F-C289-43EE-8681-FADAE6028EF3}.Debug|Win32.Build.0 = Debug|Win32
		{798F2B4F-C289-43EE-8681-FADAE6028EF3}.Release|Win32.ActiveCfg = Release|Win32
		{798F2B4F-C289-43EE-8681-FADAE6028EF3}.Release|Win32.Build.0 = Release|Win32
		{798F2B4F-C289-43EE-8681-FADAE6028EF3}.Template|Win32.ActiveCfg = Template|Win32
		{798F2B4F-C289-43EE-8681-FADAE6028EF3}.Template|Win32.Build.0 = Template|Win32
		{B2751BBA-6A7D-6463-9151-2E3075A30225}.Clean|Win32.ActiveCfg = Template|Win32
		{B2751BBA-6A7D-6463-9151-2E3075A30225}.Clean|Win32.Build.0 = Template|Win32
		{B2751BBA-6A7D-6463-9151-2E3075A30225}.Debug|Win32.ActiveCfg = Debug|Win32
		{B2751BBA-6A7D-6463-9151-2E3075A30225}.Debug|Win32.Build.0 = Debug|Win32
		{B2751BBA-6A7D-6463-9151-2E3075A30225}.Release|Win32.ActiveCfg = Release|Win32
		{B2751BBA-6A7D-6463-9151-2E3075A30225}.Release|Win32.Build.0 = Release|Win32
		{B2751BBA-6A7D-6463-9151-2E3075A30225}.Template|Win32.ActiveCfg = Template|Win32
		{B2751BBA-6A7D-6463-9151-2E3075A30225}.Template|Win32.Build.0 = Template|Win32
		{8765E867-A958-EA11-3B91-2D0D7DC9C760}.Clean|Win32.ActiveCfg = Template|Win32
		{8765E867-A958-EA11-3B91-2D0D7DC9C760}.Clean|Win32.Build.0 = Template|Win32
		{8765E867-A958-EA11-3B91-2D0D7DC9C760}.Debug|Win32.ActiveCfg = Debug|Win32
		{8765E867-A958-EA11-3B91-2D0D7DC9C760}.Debug|Win32.Build.0 = Debug|Win32
		{8765E867-A958-EA11-3B91-2D0D7DC9C760}.Release|Win32.ActiveCfg = Release|Win32
		{8765E867-A958-EA11-3B91-2D0D7DC9C760}.Release|Win32.Build.0 = Release|Win32
		{8765E867-A958-EA11-3B91-2D0D7DC9C760}.Template|Win32.ActiveCfg = Template|Win32
		{8765E867-A958-EA11-3B91-2D0D7DC9C760}.Template|Win32.Build.0 = Template|Win32
		{76B638A1-E530-3E23-E446-3D6AA1BD16D7}.Clean|Win32.ActiveCfg = Template|Win32
		{76B638A1-E530-3E23-E446-3D6AA1BD16D7}.Clean|Win32.Build.0 = Template|Win32
		{76B638A1-E530-3E23-E446-3D6AA1BD16D7}.Debug|Win32.ActiveCfg = Debug|Win32
		{76B638A1-E530-3E23-E446-3D6AA1BD16D7}.Debug|Win32.Build.0 = Debug|Win32
		{76B638A1-E530-3E23-E446-3D6AA1BD16D7}.Release|Win32.ActiveCfg = Release|Win32
		{76B638A1-E530-3E23-E446-3D6AA1BD16D7}.Release|Win32.Build.0 = Release|Win32
		{76B638A1-E530-3E23-E446-3D6AA1BD16D7}.Template|Win32.ActiveCfg = Template|Win32
		{76B638A1-E530-3E23-E446-3D6AA1BD16D7}.Template|Win32.Build.0 = Template|Win32
		{7F4E895E-C090-B042-C4D6-AE71D99D62DE}.Clean|Win32.ActiveCfg = Template|Win32
		{7F4E895E-C090-B042-C4D6-AE71D99D62DE}.Clean|Win32.Build.0 = Template|Win32
		{7F4E895E-C090-B042-C4D6-AE71D99D62DE}.Debug|Win32.ActiveCfg = Debug|Win32
		{7F4E895E-C090-B042-C4D6-AE71D99D62DE}.Debug|Win32.Build.0 = Debug|Win32
		{7F4E895E-C090-B042-C4D6-AE71D99D62DE}.Release|Win32.ActiveCfg = Release|Win32
		{7F4E895E-C090-B042-C4D6-AE71D99D62DE}.Release|Win32.Build.0 = Release|Win32
		{7F4E895E-C090-B042-C4D6-AE71D99D62DE}.Template|Win32.ActiveCfg = Template|Win32
		{7F4E895E-C090-B042-C4D6-AE71D99D62DE}.Template|Win32.Build.0 = Template|Win32
	EndGlobalSection
	GlobalSection(SolutionProperties) = preSolution
		HideSolutionNode = FALSE
	EndGlobalSection
EndGlobal
