
Microsoft Visual Studio Solution File, Format Version 11.00
# Visual Studio 2010
Project("{8BC9CEB8-8B4A-11D0-8D11-00A0C91BC942}") = "ACSCSpii", "ACSCSpii\ACSCSpii.vcxproj", "{10CC4BD8-CAE4-E938-DD42-00B350BEA859}"
EndProject
Project("{8BC9CEB8-8B4A-11D0-8D11-00A0C91BC942}") = "AlgStandard", "AlgStandard\AlgStandard.vcxproj", "{189572B4-C530-A27E-9373-0D94D8B98F37}"
	ProjectSection(ProjectDependencies) = postProject
		{ADCCD827-70D1-E48C-9D75-357494B549F8} = {ADCCD827-70D1-E48C-9D75-357494B549F8}
		{8765E867-A958-EA11-3B91-2D0D7DC9C760} = {8765E867-A958-EA11-3B91-2D0D7DC9C760}
		{63499CB4-4865-F1FF-47BA-C47A5295295C} = {63499CB4-4865-F1FF-47BA-C47A5295295C}
		{0DBCEFD5-E2ED-3225-3E9C-CBF1202161AF} = {0DBCEFD5-E2ED-3225-3E9C-CBF1202161AF}
		{FD0FEE60-4F61-0474-17B6-EC043ADED1D8} = {FD0FEE60-4F61-0474-17B6-EC043ADED1D8}
	EndProjectSection
EndProject
Project("{8BC9CEB8-8B4A-11D0-8D11-00A0C91BC942}") = "Database", "Database\Database.vcxproj", "{0DBCEFD5-E2ED-3225-3E9C-CBF1202161AF}"
	ProjectSection(ProjectDependencies) = postProject
		{68093440-9A82-1DD3-E163-F4B531DBA531} = {68093440-9A82-1DD3-E163-F4B531DBA531}
		{8765E867-A958-EA11-3B91-2D0D7DC9C760} = {8765E867-A958-EA11-3B91-2D0D7DC9C760}
		{AC807AA0-C420-6037-D09C-E4F3B32CCDDE} = {AC807AA0-C420-6037-D09C-E4F3B32CCDDE}
	EndProjectSection
EndProject
Project("{8BC9CEB8-8B4A-11D0-8D11-00A0C91BC942}") = "DnglLics", "DnglLics\DnglLics.vcxproj", "{3F596B6B-0CAA-1219-A84C-924E1067DC6E}"
	ProjectSection(ProjectDependencies) = postProject
		{CE6C9A4C-C808-8122-CA6F-3626270D8BB2} = {CE6C9A4C-C808-8122-CA6F-3626270D8BB2}
	EndProjectSection
EndProject
Project("{8BC9CEB8-8B4A-11D0-8D11-00A0C91BC942}") = "Documentation", "Documentation\Documentation.vcxproj", "{0FDC8B25-703B-C960-6835-0992A32C529E}"
EndProject
Project("{8BC9CEB8-8B4A-11D0-8D11-00A0C91BC942}") = "MC8141P", "MC8141P\MC8141P.vcxproj", "{95FD11B8-55AD-ADC8-4842-11CF0C7E8AC0}"
EndProject
Project("{8BC9CEB8-8B4A-11D0-8D11-00A0C91BC942}") = "Matrix", "Matrix\Matrix.vcxproj", "{CE6C9A4C-C808-8122-CA6F-3626270D8BB2}"
EndProject
Project("{8BC9CEB8-8B4A-11D0-8D11-00A0C91BC942}") = "OptimaDoc", "OptimaDoc\OptimaDocEN.vcxproj", "{2F03ABE3-1C93-BF65-46E7-B7CC05B8322A}"
	ProjectSection(ProjectDependencies) = postProject
		{02970121-30C8-7580-7881-7BE9A2AB22E7} = {02970121-30C8-7580-7881-7BE9A2AB22E7}
		{FB08C9F2-CE67-9DC7-3785-33B71E4537FB} = {FB08C9F2-CE67-9DC7-3785-33B71E4537FB}
		{B1AD3EA2-5443-F6C2-DB57-65A51765F015} = {B1AD3EA2-5443-F6C2-DB57-65A51765F015}
		{95FD11B8-55AD-ADC8-4842-11CF0C7E8AC0} = {95FD11B8-55AD-ADC8-4842-11CF0C7E8AC0}
		{6C724D39-BDD4-98D6-3236-637DF9595208} = {6C724D39-BDD4-98D6-3236-637DF9595208}
		{C6093A80-F05C-972F-3A92-D3B7835760F7} = {C6093A80-F05C-972F-3A92-D3B7835760F7}
		{7BC55C07-DF62-C63A-F1DF-ECA24675B0CA} = {7BC55C07-DF62-C63A-F1DF-ECA24675B0CA}
		{60D7B6EA-D5AF-4269-5634-A60D899AAF35} = {60D7B6EA-D5AF-4269-5634-A60D899AAF35}
		{68093440-9A82-1DD3-E163-F4B531DBA531} = {68093440-9A82-1DD3-E163-F4B531DBA531}
		{ADCCD827-70D1-E48C-9D75-357494B549F8} = {ADCCD827-70D1-E48C-9D75-357494B549F8}
		{8765E867-A958-EA11-3B91-2D0D7DC9C760} = {8765E867-A958-EA11-3B91-2D0D7DC9C760}
		{FC104EB9-762D-E48A-D94F-D0BF9F9C8BCC} = {FC104EB9-762D-E48A-D94F-D0BF9F9C8BCC}
		{63499CB4-4865-F1FF-47BA-C47A5295295C} = {63499CB4-4865-F1FF-47BA-C47A5295295C}
		{67054DDD-E48E-20CD-A98D-1DD38C590B84} = {67054DDD-E48E-20CD-A98D-1DD38C590B84}
		{C677553E-727E-6411-1B97-548227ACDC37} = {C677553E-727E-6411-1B97-548227ACDC37}
		{F850E7DB-5C09-25C0-F6F3-8EBB7B4C4CCF} = {F850E7DB-5C09-25C0-F6F3-8EBB7B4C4CCF}
		{0DBCEFD5-E2ED-3225-3E9C-CBF1202161AF} = {0DBCEFD5-E2ED-3225-3E9C-CBF1202161AF}
		{2189758C-578A-CC92-F4F6-A0557F50AE5A} = {2189758C-578A-CC92-F4F6-A0557F50AE5A}
		{EA1329FB-C0C3-EA62-AF8F-E7D13697A3F8} = {EA1329FB-C0C3-EA62-AF8F-E7D13697A3F8}
		{0FDC8B25-703B-C960-6835-0992A32C529E} = {0FDC8B25-703B-C960-6835-0992A32C529E}
		{F3E0C933-CDE5-13B1-05D0-047E5421D201} = {F3E0C933-CDE5-13B1-05D0-047E5421D201}
		{AC807AA0-C420-6037-D09C-E4F3B32CCDDE} = {AC807AA0-C420-6037-D09C-E4F3B32CCDDE}
		{3F596B6B-0CAA-1219-A84C-924E1067DC6E} = {3F596B6B-0CAA-1219-A84C-924E1067DC6E}
		{AEF881C9-35AF-CEE4-F16C-0922D128BD84} = {AEF881C9-35AF-CEE4-F16C-0922D128BD84}
		{EA600E95-8116-78D2-D49D-894AF45ADF01} = {EA600E95-8116-78D2-D49D-894AF45ADF01}
		{189572B4-C530-A27E-9373-0D94D8B98F37} = {189572B4-C530-A27E-9373-0D94D8B98F37}
		{CE6C9A4C-C808-8122-CA6F-3626270D8BB2} = {CE6C9A4C-C808-8122-CA6F-3626270D8BB2}
		{FD0FEE60-4F61-0474-17B6-EC043ADED1D8} = {FD0FEE60-4F61-0474-17B6-EC043ADED1D8}
		{0F71819A-1208-ED1F-0718-878743F8D34F} = {0F71819A-1208-ED1F-0718-878743F8D34F}
	EndProjectSection
EndProject
Project("{8BC9CEB8-8B4A-11D0-8D11-00A0C91BC942}") = "Performance", "Performance\Performance.vcxproj", "{FD0FEE60-4F61-0474-17B6-EC043ADED1D8}"
	ProjectSection(ProjectDependencies) = postProject
		{0DBCEFD5-E2ED-3225-3E9C-CBF1202161AF} = {0DBCEFD5-E2ED-3225-3E9C-CBF1202161AF}
		{0F71819A-1208-ED1F-0718-878743F8D34F} = {0F71819A-1208-ED1F-0718-878743F8D34F}
	EndProjectSection
EndProject
Project("{8BC9CEB8-8B4A-11D0-8D11-00A0C91BC942}") = "ProgGen", "ProgGen\ProgGen.vcxproj", "{02970121-30C8-7580-7881-7BE9A2AB22E7}"
	ProjectSection(ProjectDependencies) = postProject
		{ADCCD827-70D1-E48C-9D75-357494B549F8} = {ADCCD827-70D1-E48C-9D75-357494B549F8}
		{8765E867-A958-EA11-3B91-2D0D7DC9C760} = {8765E867-A958-EA11-3B91-2D0D7DC9C760}
		{FC104EB9-762D-E48A-D94F-D0BF9F9C8BCC} = {FC104EB9-762D-E48A-D94F-D0BF9F9C8BCC}
		{F850E7DB-5C09-25C0-F6F3-8EBB7B4C4CCF} = {F850E7DB-5C09-25C0-F6F3-8EBB7B4C4CCF}
		{0DBCEFD5-E2ED-3225-3E9C-CBF1202161AF} = {0DBCEFD5-E2ED-3225-3E9C-CBF1202161AF}
		{EA1329FB-C0C3-EA62-AF8F-E7D13697A3F8} = {EA1329FB-C0C3-EA62-AF8F-E7D13697A3F8}
		{0F71819A-1208-ED1F-0718-878743F8D34F} = {0F71819A-1208-ED1F-0718-878743F8D34F}
	EndProjectSection
EndProject
Project("{8BC9CEB8-8B4A-11D0-8D11-00A0C91BC942}") = "Results", "Results\Results.vcxproj", "{63499CB4-4865-F1FF-47BA-C47A5295295C}"
EndProject
Project("{8BC9CEB8-8B4A-11D0-8D11-00A0C91BC942}") = "camalgn", "camalgn\camalgn.vcxproj", "{EA1329FB-C0C3-EA62-AF8F-E7D13697A3F8}"
	ProjectSection(ProjectDependencies) = postProject
		{FB08C9F2-CE67-9DC7-3785-33B71E4537FB} = {FB08C9F2-CE67-9DC7-3785-33B71E4537FB}
		{68093440-9A82-1DD3-E163-F4B531DBA531} = {68093440-9A82-1DD3-E163-F4B531DBA531}
		{ADCCD827-70D1-E48C-9D75-357494B549F8} = {ADCCD827-70D1-E48C-9D75-357494B549F8}
		{8765E867-A958-EA11-3B91-2D0D7DC9C760} = {8765E867-A958-EA11-3B91-2D0D7DC9C760}
		{63499CB4-4865-F1FF-47BA-C47A5295295C} = {63499CB4-4865-F1FF-47BA-C47A5295295C}
		{AC807AA0-C420-6037-D09C-E4F3B32CCDDE} = {AC807AA0-C420-6037-D09C-E4F3B32CCDDE}
	EndProjectSection
EndProject
Project("{8BC9CEB8-8B4A-11D0-8D11-00A0C91BC942}") = "camera", "camera\cameraOtpinet.vcxproj", "{B620BFF0-140E-F064-FEF2-78262AC1C86F}"
EndProject
Project("{8BC9CEB8-8B4A-11D0-8D11-00A0C91BC942}") = "checkers", "checkers\checkers.vcxproj", "{AEF881C9-35AF-CEE4-F16C-0922D128BD84}"
	ProjectSection(ProjectDependencies) = postProject
		{FB08C9F2-CE67-9DC7-3785-33B71E4537FB} = {FB08C9F2-CE67-9DC7-3785-33B71E4537FB}
		{8765E867-A958-EA11-3B91-2D0D7DC9C760} = {8765E867-A958-EA11-3B91-2D0D7DC9C760}
		{FC104EB9-762D-E48A-D94F-D0BF9F9C8BCC} = {FC104EB9-762D-E48A-D94F-D0BF9F9C8BCC}
		{B620BFF0-140E-F064-FEF2-78262AC1C86F} = {B620BFF0-140E-F064-FEF2-78262AC1C86F}
		{10CC4BD8-CAE4-E938-DD42-00B350BEA859} = {10CC4BD8-CAE4-E938-DD42-00B350BEA859}
		{0F71819A-1208-ED1F-0718-878743F8D34F} = {0F71819A-1208-ED1F-0718-878743F8D34F}
	EndProjectSection
EndProject
Project("{8BC9CEB8-8B4A-11D0-8D11-00A0C91BC942}") = "config", "config\config.vcxproj", "{60D7B6EA-D5AF-4269-5634-A60D899AAF35}"
EndProject
Project("{8BC9CEB8-8B4A-11D0-8D11-00A0C91BC942}") = "conveyor", "conveyor\conveyor.vcxproj", "{7BC55C07-DF62-C63A-F1DF-ECA24675B0CA}"
EndProject
Project("{8BC9CEB8-8B4A-11D0-8D11-00A0C91BC942}") = "dserv", "dserv\dserv.vcxproj", "{B1AD3EA2-5443-F6C2-DB57-65A51765F015}"
EndProject
Project("{8BC9CEB8-8B4A-11D0-8D11-00A0C91BC942}") = "evmgr", "evmgr\evmgr.vcxproj", "{0F71819A-1208-ED1F-0718-878743F8D34F}"
EndProject
Project("{8BC9CEB8-8B4A-11D0-8D11-00A0C91BC942}") = "flash", "flash\flash.vcxproj", "{EA600E95-8116-78D2-D49D-894AF45ADF01}"
	ProjectSection(ProjectDependencies) = postProject
		{C677553E-727E-6411-1B97-548227ACDC37} = {C677553E-727E-6411-1B97-548227ACDC37}
		{10CC4BD8-CAE4-E938-DD42-00B350BEA859} = {10CC4BD8-CAE4-E938-DD42-00B350BEA859}
	EndProjectSection
EndProject
Project("{8BC9CEB8-8B4A-11D0-8D11-00A0C91BC942}") = "hardwareIO", "hardwareIO\hardwareIO.vcxproj", "{FC104EB9-762D-E48A-D94F-D0BF9F9C8BCC}"
	ProjectSection(ProjectDependencies) = postProject
		{FB08C9F2-CE67-9DC7-3785-33B71E4537FB} = {FB08C9F2-CE67-9DC7-3785-33B71E4537FB}
		{0F71819A-1208-ED1F-0718-878743F8D34F} = {0F71819A-1208-ED1F-0718-878743F8D34F}
	EndProjectSection
EndProject
Project("{8BC9CEB8-8B4A-11D0-8D11-00A0C91BC942}") = "htmlhelp", "htmlhelp\htmlhelp.vcxproj", "{2189758C-578A-CC92-F4F6-A0557F50AE5A}"
EndProject
Project("{8BC9CEB8-8B4A-11D0-8D11-00A0C91BC942}") = "interface", "interface\interface.vcxproj", "{C6093A80-F05C-972F-3A92-D3B7835760F7}"
	ProjectSection(ProjectDependencies) = postProject
		{EA600E95-8116-78D2-D49D-894AF45ADF01} = {EA600E95-8116-78D2-D49D-894AF45ADF01}
	EndProjectSection
EndProject
Project("{8BC9CEB8-8B4A-11D0-8D11-00A0C91BC942}") = "jamdll", "jamdll\jamdll.vcxproj", "{C677553E-727E-6411-1B97-548227ACDC37}"
EndProject
Project("{8BC9CEB8-8B4A-11D0-8D11-00A0C91BC942}") = "lutil", "lutil\lutil.vcxproj", "{68093440-9A82-1DD3-E163-F4B531DBA531}"
EndProject
Project("{8BC9CEB8-8B4A-11D0-8D11-00A0C91BC942}") = "motors", "motors\motors.vcxproj", "{FB08C9F2-CE67-9DC7-3785-33B71E4537FB}"
	ProjectSection(ProjectDependencies) = postProject
		{95FD11B8-55AD-ADC8-4842-11CF0C7E8AC0} = {95FD11B8-55AD-ADC8-4842-11CF0C7E8AC0}
		{10CC4BD8-CAE4-E938-DD42-00B350BEA859} = {10CC4BD8-CAE4-E938-DD42-00B350BEA859}
		{AC807AA0-C420-6037-D09C-E4F3B32CCDDE} = {AC807AA0-C420-6037-D09C-E4F3B32CCDDE}
		{0F71819A-1208-ED1F-0718-878743F8D34F} = {0F71819A-1208-ED1F-0718-878743F8D34F}
	EndProjectSection
EndProject
Project("{8BC9CEB8-8B4A-11D0-8D11-00A0C91BC942}") = "msgs", "msgs\msgs.vcxproj", "{AC807AA0-C420-6037-D09C-E4F3B32CCDDE}"
EndProject
Project("{8BC9CEB8-8B4A-11D0-8D11-00A0C91BC942}") = "optima", "optima\optima.vcxproj", "{2419A48D-7FFB-0B22-C769-AE654CE8E423}"
	ProjectSection(ProjectDependencies) = postProject
		{02970121-30C8-7580-7881-7BE9A2AB22E7} = {02970121-30C8-7580-7881-7BE9A2AB22E7}
		{FB08C9F2-CE67-9DC7-3785-33B71E4537FB} = {FB08C9F2-CE67-9DC7-3785-33B71E4537FB}
		{B1AD3EA2-5443-F6C2-DB57-65A51765F015} = {B1AD3EA2-5443-F6C2-DB57-65A51765F015}
		{95FD11B8-55AD-ADC8-4842-11CF0C7E8AC0} = {95FD11B8-55AD-ADC8-4842-11CF0C7E8AC0}
		{6C724D39-BDD4-98D6-3236-637DF9595208} = {6C724D39-BDD4-98D6-3236-637DF9595208}
		{C6093A80-F05C-972F-3A92-D3B7835760F7} = {C6093A80-F05C-972F-3A92-D3B7835760F7}
		{7BC55C07-DF62-C63A-F1DF-ECA24675B0CA} = {7BC55C07-DF62-C63A-F1DF-ECA24675B0CA}
		{60D7B6EA-D5AF-4269-5634-A60D899AAF35} = {60D7B6EA-D5AF-4269-5634-A60D899AAF35}
		{68093440-9A82-1DD3-E163-F4B531DBA531} = {68093440-9A82-1DD3-E163-F4B531DBA531}
		{ADCCD827-70D1-E48C-9D75-357494B549F8} = {ADCCD827-70D1-E48C-9D75-357494B549F8}
		{8765E867-A958-EA11-3B91-2D0D7DC9C760} = {8765E867-A958-EA11-3B91-2D0D7DC9C760}
		{FC104EB9-762D-E48A-D94F-D0BF9F9C8BCC} = {FC104EB9-762D-E48A-D94F-D0BF9F9C8BCC}
		{63499CB4-4865-F1FF-47BA-C47A5295295C} = {63499CB4-4865-F1FF-47BA-C47A5295295C}
		{67054DDD-E48E-20CD-A98D-1DD38C590B84} = {67054DDD-E48E-20CD-A98D-1DD38C590B84}
		{C677553E-727E-6411-1B97-548227ACDC37} = {C677553E-727E-6411-1B97-548227ACDC37}
		{B620BFF0-140E-F064-FEF2-78262AC1C86F} = {B620BFF0-140E-F064-FEF2-78262AC1C86F}
		{F850E7DB-5C09-25C0-F6F3-8EBB7B4C4CCF} = {F850E7DB-5C09-25C0-F6F3-8EBB7B4C4CCF}
		{2F03ABE3-1C93-BF65-46E7-B7CC05B8322A} = {2F03ABE3-1C93-BF65-46E7-B7CC05B8322A}
		{10CC4BD8-CAE4-E938-DD42-00B350BEA859} = {10CC4BD8-CAE4-E938-DD42-00B350BEA859}
		{0DBCEFD5-E2ED-3225-3E9C-CBF1202161AF} = {0DBCEFD5-E2ED-3225-3E9C-CBF1202161AF}
		{2189758C-578A-CC92-F4F6-A0557F50AE5A} = {2189758C-578A-CC92-F4F6-A0557F50AE5A}
		{EA1329FB-C0C3-EA62-AF8F-E7D13697A3F8} = {EA1329FB-C0C3-EA62-AF8F-E7D13697A3F8}
		{0FDC8B25-703B-C960-6835-0992A32C529E} = {0FDC8B25-703B-C960-6835-0992A32C529E}
		{F3E0C933-CDE5-13B1-05D0-047E5421D201} = {F3E0C933-CDE5-13B1-05D0-047E5421D201}
		{AC807AA0-C420-6037-D09C-E4F3B32CCDDE} = {AC807AA0-C420-6037-D09C-E4F3B32CCDDE}
		{3F596B6B-0CAA-1219-A84C-924E1067DC6E} = {3F596B6B-0CAA-1219-A84C-924E1067DC6E}
		{AEF881C9-35AF-CEE4-F16C-0922D128BD84} = {AEF881C9-35AF-CEE4-F16C-0922D128BD84}
		{EA600E95-8116-78D2-D49D-894AF45ADF01} = {EA600E95-8116-78D2-D49D-894AF45ADF01}
		{189572B4-C530-A27E-9373-0D94D8B98F37} = {189572B4-C530-A27E-9373-0D94D8B98F37}
		{CE6C9A4C-C808-8122-CA6F-3626270D8BB2} = {CE6C9A4C-C808-8122-CA6F-3626270D8BB2}
		{FD0FEE60-4F61-0474-17B6-EC043ADED1D8} = {FD0FEE60-4F61-0474-17B6-EC043ADED1D8}
		{0F71819A-1208-ED1F-0718-878743F8D34F} = {0F71819A-1208-ED1F-0718-878743F8D34F}
	EndProjectSection
EndProject
Project("{8BC9CEB8-8B4A-11D0-8D11-00A0C91BC942}") = "regsetup", "regsetup\regsetup.vcxproj", "{67054DDD-E48E-20CD-A98D-1DD38C590B84}"
	ProjectSection(ProjectDependencies) = postProject
		{6C724D39-BDD4-98D6-3236-637DF9595208} = {6C724D39-BDD4-98D6-3236-637DF9595208}
	EndProjectSection
EndProject
Project("{8BC9CEB8-8B4A-11D0-8D11-00A0C91BC942}") = "scanner", "scanner\scanner.vcxproj", "{ADCCD827-70D1-E48C-9D75-357494B549F8}"
	ProjectSection(ProjectDependencies) = postProject
		{FB08C9F2-CE67-9DC7-3785-33B71E4537FB} = {FB08C9F2-CE67-9DC7-3785-33B71E4537FB}
		{8765E867-A958-EA11-3B91-2D0D7DC9C760} = {8765E867-A958-EA11-3B91-2D0D7DC9C760}
		{FC104EB9-762D-E48A-D94F-D0BF9F9C8BCC} = {FC104EB9-762D-E48A-D94F-D0BF9F9C8BCC}
		{63499CB4-4865-F1FF-47BA-C47A5295295C} = {63499CB4-4865-F1FF-47BA-C47A5295295C}
		{B620BFF0-140E-F064-FEF2-78262AC1C86F} = {B620BFF0-140E-F064-FEF2-78262AC1C86F}
		{0DBCEFD5-E2ED-3225-3E9C-CBF1202161AF} = {0DBCEFD5-E2ED-3225-3E9C-CBF1202161AF}
		{AC807AA0-C420-6037-D09C-E4F3B32CCDDE} = {AC807AA0-C420-6037-D09C-E4F3B32CCDDE}
		{0F71819A-1208-ED1F-0718-878743F8D34F} = {0F71819A-1208-ED1F-0718-878743F8D34F}
	EndProjectSection
EndProject
Project("{8BC9CEB8-8B4A-11D0-8D11-00A0C91BC942}") = "setup", "setup\setup.vcxproj", "{6C724D39-BDD4-98D6-3236-637DF9595208}"
EndProject
Project("{8BC9CEB8-8B4A-11D0-8D11-00A0C91BC942}") = "statectrl", "statectrl\statectrl.vcxproj", "{F850E7DB-5C09-25C0-F6F3-8EBB7B4C4CCF}"
EndProject
Project("{8BC9CEB8-8B4A-11D0-8D11-00A0C91BC942}") = "support", "support\support.vcxproj", "{8765E867-A958-EA11-3B91-2D0D7DC9C760}"
	ProjectSection(ProjectDependencies) = postProject
		{AC807AA0-C420-6037-D09C-E4F3B32CCDDE} = {AC807AA0-C420-6037-D09C-E4F3B32CCDDE}
	EndProjectSection
EndProject
Project("{8BC9CEB8-8B4A-11D0-8D11-00A0C91BC942}") = "wc140", "wc140\wc140.vcxproj", "{F3E0C933-CDE5-13B1-05D0-047E5421D201}"
EndProject
Global
	GlobalSection(SolutionConfigurationPlatforms) = preSolution
		Clean|Win32 = Clean|Win32
		Debug|Win32 = Debug|Win32
		Release|Win32 = Release|Win32
		Template|Win32 = Template|Win32
	EndGlobalSection
	GlobalSection(ProjectConfigurationPlatforms) = postSolution
		{10CC4BD8-CAE4-E938-DD42-00B350BEA859}.Clean|Win32.ActiveCfg = Release|Win32
		{10CC4BD8-CAE4-E938-DD42-00B350BEA859}.Clean|Win32.Build.0 = Release|Win32
		{10CC4BD8-CAE4-E938-DD42-00B350BEA859}.Debug|Win32.ActiveCfg = Debug|Win32
		{10CC4BD8-CAE4-E938-DD42-00B350BEA859}.Debug|Win32.Build.0 = Debug|Win32
		{10CC4BD8-CAE4-E938-DD42-00B350BEA859}.Release|Win32.ActiveCfg = Release|Win32
		{10CC4BD8-CAE4-E938-DD42-00B350BEA859}.Release|Win32.Build.0 = Release|Win32
		{10CC4BD8-CAE4-E938-DD42-00B350BEA859}.Template|Win32.ActiveCfg = Release|Win32
		{10CC4BD8-CAE4-E938-DD42-00B350BEA859}.Template|Win32.Build.0 = Release|Win32
		{189572B4-C530-A27E-9373-0D94D8B98F37}.Clean|Win32.ActiveCfg = Template|Win32
		{189572B4-C530-A27E-9373-0D94D8B98F37}.Clean|Win32.Build.0 = Template|Win32
		{189572B4-C530-A27E-9373-0D94D8B98F37}.Debug|Win32.ActiveCfg = Debug|Win32
		{189572B4-C530-A27E-9373-0D94D8B98F37}.Debug|Win32.Build.0 = Debug|Win32
		{189572B4-C530-A27E-9373-0D94D8B98F37}.Release|Win32.ActiveCfg = Release|Win32
		{189572B4-C530-A27E-9373-0D94D8B98F37}.Release|Win32.Build.0 = Release|Win32
		{189572B4-C530-A27E-9373-0D94D8B98F37}.Template|Win32.ActiveCfg = Template|Win32
		{189572B4-C530-A27E-9373-0D94D8B98F37}.Template|Win32.Build.0 = Template|Win32
		{0DBCEFD5-E2ED-3225-3E9C-CBF1202161AF}.Clean|Win32.ActiveCfg = Template|Win32
		{0DBCEFD5-E2ED-3225-3E9C-CBF1202161AF}.Clean|Win32.Build.0 = Template|Win32
		{0DBCEFD5-E2ED-3225-3E9C-CBF1202161AF}.Debug|Win32.ActiveCfg = Debug|Win32
		{0DBCEFD5-E2ED-3225-3E9C-CBF1202161AF}.Debug|Win32.Build.0 = Debug|Win32
		{0DBCEFD5-E2ED-3225-3E9C-CBF1202161AF}.Release|Win32.ActiveCfg = Release|Win32
		{0DBCEFD5-E2ED-3225-3E9C-CBF1202161AF}.Release|Win32.Build.0 = Release|Win32
		{0DBCEFD5-E2ED-3225-3E9C-CBF1202161AF}.Template|Win32.ActiveCfg = Template|Win32
		{0DBCEFD5-E2ED-3225-3E9C-CBF1202161AF}.Template|Win32.Build.0 = Template|Win32
		{3F596B6B-0CAA-1219-A84C-924E1067DC6E}.Clean|Win32.ActiveCfg = Template|Win32
		{3F596B6B-0CAA-1219-A84C-924E1067DC6E}.Clean|Win32.Build.0 = Template|Win32
		{3F596B6B-0CAA-1219-A84C-924E1067DC6E}.Debug|Win32.ActiveCfg = Debug|Win32
		{3F596B6B-0CAA-1219-A84C-924E1067DC6E}.Debug|Win32.Build.0 = Debug|Win32
		{3F596B6B-0CAA-1219-A84C-924E1067DC6E}.Release|Win32.ActiveCfg = Release|Win32
		{3F596B6B-0CAA-1219-A84C-924E1067DC6E}.Release|Win32.Build.0 = Release|Win32
		{3F596B6B-0CAA-1219-A84C-924E1067DC6E}.Template|Win32.ActiveCfg = Template|Win32
		{3F596B6B-0CAA-1219-A84C-924E1067DC6E}.Template|Win32.Build.0 = Template|Win32
		{0FDC8B25-703B-C960-6835-0992A32C529E}.Clean|Win32.ActiveCfg = Template|Win32
		{0FDC8B25-703B-C960-6835-0992A32C529E}.Clean|Win32.Build.0 = Template|Win32
		{0FDC8B25-703B-C960-6835-0992A32C529E}.Debug|Win32.ActiveCfg = Debug|Win32
		{0FDC8B25-703B-C960-6835-0992A32C529E}.Debug|Win32.Build.0 = Debug|Win32
		{0FDC8B25-703B-C960-6835-0992A32C529E}.Release|Win32.ActiveCfg = Release|Win32
		{0FDC8B25-703B-C960-6835-0992A32C529E}.Release|Win32.Build.0 = Release|Win32
		{0FDC8B25-703B-C960-6835-0992A32C529E}.Template|Win32.ActiveCfg = Template|Win32
		{0FDC8B25-703B-C960-6835-0992A32C529E}.Template|Win32.Build.0 = Template|Win32
		{95FD11B8-55AD-ADC8-4842-11CF0C7E8AC0}.Clean|Win32.ActiveCfg = Template|Win32
		{95FD11B8-55AD-ADC8-4842-11CF0C7E8AC0}.Clean|Win32.Build.0 = Template|Win32
		{95FD11B8-55AD-ADC8-4842-11CF0C7E8AC0}.Debug|Win32.ActiveCfg = Debug|Win32
		{95FD11B8-55AD-ADC8-4842-11CF0C7E8AC0}.Debug|Win32.Build.0 = Debug|Win32
		{95FD11B8-55AD-ADC8-4842-11CF0C7E8AC0}.Release|Win32.ActiveCfg = Release|Win32
		{95FD11B8-55AD-ADC8-4842-11CF0C7E8AC0}.Release|Win32.Build.0 = Release|Win32
		{95FD11B8-55AD-ADC8-4842-11CF0C7E8AC0}.Template|Win32.ActiveCfg = Template|Win32
		{95FD11B8-55AD-ADC8-4842-11CF0C7E8AC0}.Template|Win32.Build.0 = Template|Win32
		{CE6C9A4C-C808-8122-CA6F-3626270D8BB2}.Clean|Win32.ActiveCfg = Template|Win32
		{CE6C9A4C-C808-8122-CA6F-3626270D8BB2}.Clean|Win32.Build.0 = Template|Win32
		{CE6C9A4C-C808-8122-CA6F-3626270D8BB2}.Debug|Win32.ActiveCfg = Debug|Win32
		{CE6C9A4C-C808-8122-CA6F-3626270D8BB2}.Debug|Win32.Build.0 = Debug|Win32
		{CE6C9A4C-C808-8122-CA6F-3626270D8BB2}.Release|Win32.ActiveCfg = Release|Win32
		{CE6C9A4C-C808-8122-CA6F-3626270D8BB2}.Release|Win32.Build.0 = Release|Win32
		{CE6C9A4C-C808-8122-CA6F-3626270D8BB2}.Template|Win32.ActiveCfg = Template|Win32
		{CE6C9A4C-C808-8122-CA6F-3626270D8BB2}.Template|Win32.Build.0 = Template|Win32
		{2F03ABE3-1C93-BF65-46E7-B7CC05B8322A}.Clean|Win32.ActiveCfg = Template|Win32
		{2F03ABE3-1C93-BF65-46E7-B7CC05B8322A}.Clean|Win32.Build.0 = Template|Win32
		{2F03ABE3-1C93-BF65-46E7-B7CC05B8322A}.Debug|Win32.ActiveCfg = Debug|Win32
		{2F03ABE3-1C93-BF65-46E7-B7CC05B8322A}.Debug|Win32.Build.0 = Debug|Win32
		{2F03ABE3-1C93-BF65-46E7-B7CC05B8322A}.Release|Win32.ActiveCfg = Release|Win32
		{2F03ABE3-1C93-BF65-46E7-B7CC05B8322A}.Release|Win32.Build.0 = Release|Win32
		{2F03ABE3-1C93-BF65-46E7-B7CC05B8322A}.Template|Win32.ActiveCfg = Template|Win32
		{2F03ABE3-1C93-BF65-46E7-B7CC05B8322A}.Template|Win32.Build.0 = Template|Win32
		{FD0FEE60-4F61-0474-17B6-EC043ADED1D8}.Clean|Win32.ActiveCfg = Template|Win32
		{FD0FEE60-4F61-0474-17B6-EC043ADED1D8}.Clean|Win32.Build.0 = Template|Win32
		{FD0FEE60-4F61-0474-17B6-EC043ADED1D8}.Debug|Win32.ActiveCfg = Debug|Win32
		{FD0FEE60-4F61-0474-17B6-EC043ADED1D8}.Debug|Win32.Build.0 = Debug|Win32
		{FD0FEE60-4F61-0474-17B6-EC043ADED1D8}.Release|Win32.ActiveCfg = Release|Win32
		{FD0FEE60-4F61-0474-17B6-EC043ADED1D8}.Release|Win32.Build.0 = Release|Win32
		{FD0FEE60-4F61-0474-17B6-EC043ADED1D8}.Template|Win32.ActiveCfg = Template|Win32
		{FD0FEE60-4F61-0474-17B6-EC043ADED1D8}.Template|Win32.Build.0 = Template|Win32
		{02970121-30C8-7580-7881-7BE9A2AB22E7}.Clean|Win32.ActiveCfg = Template|Win32
		{02970121-30C8-7580-7881-7BE9A2AB22E7}.Clean|Win32.Build.0 = Template|Win32
		{02970121-30C8-7580-7881-7BE9A2AB22E7}.Debug|Win32.ActiveCfg = Debug|Win32
		{02970121-30C8-7580-7881-7BE9A2AB22E7}.Debug|Win32.Build.0 = Debug|Win32
		{02970121-30C8-7580-7881-7BE9A2AB22E7}.Release|Win32.ActiveCfg = Release|Win32
		{02970121-30C8-7580-7881-7BE9A2AB22E7}.Release|Win32.Build.0 = Release|Win32
		{02970121-30C8-7580-7881-7BE9A2AB22E7}.Template|Win32.ActiveCfg = Template|Win32
		{02970121-30C8-7580-7881-7BE9A2AB22E7}.Template|Win32.Build.0 = Template|Win32
		{63499CB4-4865-F1FF-47BA-C47A5295295C}.Clean|Win32.ActiveCfg = Template|Win32
		{63499CB4-4865-F1FF-47BA-C47A5295295C}.Clean|Win32.Build.0 = Template|Win32
		{63499CB4-4865-F1FF-47BA-C47A5295295C}.Debug|Win32.ActiveCfg = Debug|Win32
		{63499CB4-4865-F1FF-47BA-C47A5295295C}.Debug|Win32.Build.0 = Debug|Win32
		{63499CB4-4865-F1FF-47BA-C47A5295295C}.Release|Win32.ActiveCfg = Release|Win32
		{63499CB4-4865-F1FF-47BA-C47A5295295C}.Release|Win32.Build.0 = Release|Win32
		{63499CB4-4865-F1FF-47BA-C47A5295295C}.Template|Win32.ActiveCfg = Template|Win32
		{63499CB4-4865-F1FF-47BA-C47A5295295C}.Template|Win32.Build.0 = Template|Win32
		{EA1329FB-C0C3-EA62-AF8F-E7D13697A3F8}.Clean|Win32.ActiveCfg = Template|Win32
		{EA1329FB-C0C3-EA62-AF8F-E7D13697A3F8}.Clean|Win32.Build.0 = Template|Win32
		{EA1329FB-C0C3-EA62-AF8F-E7D13697A3F8}.Debug|Win32.ActiveCfg = Debug|Win32
		{EA1329FB-C0C3-EA62-AF8F-E7D13697A3F8}.Debug|Win32.Build.0 = Debug|Win32
		{EA1329FB-C0C3-EA62-AF8F-E7D13697A3F8}.Release|Win32.ActiveCfg = Release|Win32
		{EA1329FB-C0C3-EA62-AF8F-E7D13697A3F8}.Release|Win32.Build.0 = Release|Win32
		{EA1329FB-C0C3-EA62-AF8F-E7D13697A3F8}.Template|Win32.ActiveCfg = Template|Win32
		{EA1329FB-C0C3-EA62-AF8F-E7D13697A3F8}.Template|Win32.Build.0 = Template|Win32
		{B620BFF0-140E-F064-FEF2-78262AC1C86F}.Clean|Win32.ActiveCfg = Template|Win32
		{B620BFF0-140E-F064-FEF2-78262AC1C86F}.Clean|Win32.Build.0 = Template|Win32
		{B620BFF0-140E-F064-FEF2-78262AC1C86F}.Debug|Win32.ActiveCfg = Debug|Win32
		{B620BFF0-140E-F064-FEF2-78262AC1C86F}.Debug|Win32.Build.0 = Debug|Win32
		{B620BFF0-140E-F064-FEF2-78262AC1C86F}.Release|Win32.ActiveCfg = Release|Win32
		{B620BFF0-140E-F064-FEF2-78262AC1C86F}.Release|Win32.Build.0 = Release|Win32
		{B620BFF0-140E-F064-FEF2-78262AC1C86F}.Template|Win32.ActiveCfg = Template|Win32
		{B620BFF0-140E-F064-FEF2-78262AC1C86F}.Template|Win32.Build.0 = Template|Win32
		{AEF881C9-35AF-CEE4-F16C-0922D128BD84}.Clean|Win32.ActiveCfg = Template|Win32
		{AEF881C9-35AF-CEE4-F16C-0922D128BD84}.Clean|Win32.Build.0 = Template|Win32
		{AEF881C9-35AF-CEE4-F16C-0922D128BD84}.Debug|Win32.ActiveCfg = Debug|Win32
		{AEF881C9-35AF-CEE4-F16C-0922D128BD84}.Debug|Win32.Build.0 = Debug|Win32
		{AEF881C9-35AF-CEE4-F16C-0922D128BD84}.Release|Win32.ActiveCfg = Release|Win32
		{AEF881C9-35AF-CEE4-F16C-0922D128BD84}.Release|Win32.Build.0 = Release|Win32
		{AEF881C9-35AF-CEE4-F16C-0922D128BD84}.Template|Win32.ActiveCfg = Template|Win32
		{AEF881C9-35AF-CEE4-F16C-0922D128BD84}.Template|Win32.Build.0 = Template|Win32
		{60D7B6EA-D5AF-4269-5634-A60D899AAF35}.Clean|Win32.ActiveCfg = Template|Win32
		{60D7B6EA-D5AF-4269-5634-A60D899AAF35}.Clean|Win32.Build.0 = Template|Win32
		{60D7B6EA-D5AF-4269-5634-A60D899AAF35}.Debug|Win32.ActiveCfg = Debug|Win32
		{60D7B6EA-D5AF-4269-5634-A60D899AAF35}.Debug|Win32.Build.0 = Debug|Win32
		{60D7B6EA-D5AF-4269-5634-A60D899AAF35}.Release|Win32.ActiveCfg = Release|Win32
		{60D7B6EA-D5AF-4269-5634-A60D899AAF35}.Release|Win32.Build.0 = Release|Win32
		{60D7B6EA-D5AF-4269-5634-A60D899AAF35}.Template|Win32.ActiveCfg = Template|Win32
		{60D7B6EA-D5AF-4269-5634-A60D899AAF35}.Template|Win32.Build.0 = Template|Win32
		{7BC55C07-DF62-C63A-F1DF-ECA24675B0CA}.Clean|Win32.ActiveCfg = Template|Win32
		{7BC55C07-DF62-C63A-F1DF-ECA24675B0CA}.Clean|Win32.Build.0 = Template|Win32
		{7BC55C07-DF62-C63A-F1DF-ECA24675B0CA}.Debug|Win32.ActiveCfg = Debug|Win32
		{7BC55C07-DF62-C63A-F1DF-ECA24675B0CA}.Debug|Win32.Build.0 = Debug|Win32
		{7BC55C07-DF62-C63A-F1DF-ECA24675B0CA}.Release|Win32.ActiveCfg = Release|Win32
		{7BC55C07-DF62-C63A-F1DF-ECA24675B0CA}.Release|Win32.Build.0 = Release|Win32
		{7BC55C07-DF62-C63A-F1DF-ECA24675B0CA}.Template|Win32.ActiveCfg = Template|Win32
		{7BC55C07-DF62-C63A-F1DF-ECA24675B0CA}.Template|Win32.Build.0 = Template|Win32
		{B1AD3EA2-5443-F6C2-DB57-65A51765F015}.Clean|Win32.ActiveCfg = Template|Win32
		{B1AD3EA2-5443-F6C2-DB57-65A51765F015}.Clean|Win32.Build.0 = Template|Win32
		{B1AD3EA2-5443-F6C2-DB57-65A51765F015}.Debug|Win32.ActiveCfg = Debug|Win32
		{B1AD3EA2-5443-F6C2-DB57-65A51765F015}.Debug|Win32.Build.0 = Debug|Win32
		{B1AD3EA2-5443-F6C2-DB57-65A51765F015}.Release|Win32.ActiveCfg = Release|Win32
		{B1AD3EA2-5443-F6C2-DB57-65A51765F015}.Release|Win32.Build.0 = Release|Win32
		{B1AD3EA2-5443-F6C2-DB57-65A51765F015}.Template|Win32.ActiveCfg = Template|Win32
		{B1AD3EA2-5443-F6C2-DB57-65A51765F015}.Template|Win32.Build.0 = Template|Win32
		{0F71819A-1208-ED1F-0718-878743F8D34F}.Clean|Win32.ActiveCfg = Template|Win32
		{0F71819A-1208-ED1F-0718-878743F8D34F}.Clean|Win32.Build.0 = Template|Win32
		{0F71819A-1208-ED1F-0718-878743F8D34F}.Debug|Win32.ActiveCfg = Debug|Win32
		{0F71819A-1208-ED1F-0718-878743F8D34F}.Debug|Win32.Build.0 = Debug|Win32
		{0F71819A-1208-ED1F-0718-878743F8D34F}.Release|Win32.ActiveCfg = Release|Win32
		{0F71819A-1208-ED1F-0718-878743F8D34F}.Release|Win32.Build.0 = Release|Win32
		{0F71819A-1208-ED1F-0718-878743F8D34F}.Template|Win32.ActiveCfg = Template|Win32
		{0F71819A-1208-ED1F-0718-878743F8D34F}.Template|Win32.Build.0 = Template|Win32
		{EA600E95-8116-78D2-D49D-894AF45ADF01}.Clean|Win32.ActiveCfg = Template|Win32
		{EA600E95-8116-78D2-D49D-894AF45ADF01}.Clean|Win32.Build.0 = Template|Win32
		{EA600E95-8116-78D2-D49D-894AF45ADF01}.Debug|Win32.ActiveCfg = Debug|Win32
		{EA600E95-8116-78D2-D49D-894AF45ADF01}.Debug|Win32.Build.0 = Debug|Win32
		{EA600E95-8116-78D2-D49D-894AF45ADF01}.Release|Win32.ActiveCfg = Release|Win32
		{EA600E95-8116-78D2-D49D-894AF45ADF01}.Release|Win32.Build.0 = Release|Win32
		{EA600E95-8116-78D2-D49D-894AF45ADF01}.Template|Win32.ActiveCfg = Template|Win32
		{EA600E95-8116-78D2-D49D-894AF45ADF01}.Template|Win32.Build.0 = Template|Win32
		{FC104EB9-762D-E48A-D94F-D0BF9F9C8BCC}.Clean|Win32.ActiveCfg = Template|Win32
		{FC104EB9-762D-E48A-D94F-D0BF9F9C8BCC}.Clean|Win32.Build.0 = Template|Win32
		{FC104EB9-762D-E48A-D94F-D0BF9F9C8BCC}.Debug|Win32.ActiveCfg = Debug|Win32
		{FC104EB9-762D-E48A-D94F-D0BF9F9C8BCC}.Debug|Win32.Build.0 = Debug|Win32
		{FC104EB9-762D-E48A-D94F-D0BF9F9C8BCC}.Release|Win32.ActiveCfg = Release|Win32
		{FC104EB9-762D-E48A-D94F-D0BF9F9C8BCC}.Release|Win32.Build.0 = Release|Win32
		{FC104EB9-762D-E48A-D94F-D0BF9F9C8BCC}.Template|Win32.ActiveCfg = Template|Win32
		{FC104EB9-762D-E48A-D94F-D0BF9F9C8BCC}.Template|Win32.Build.0 = Template|Win32
		{2189758C-578A-CC92-F4F6-A0557F50AE5A}.Clean|Win32.ActiveCfg = Template|Win32
		{2189758C-578A-CC92-F4F6-A0557F50AE5A}.Clean|Win32.Build.0 = Template|Win32
		{2189758C-578A-CC92-F4F6-A0557F50AE5A}.Debug|Win32.ActiveCfg = Debug|Win32
		{2189758C-578A-CC92-F4F6-A0557F50AE5A}.Debug|Win32.Build.0 = Debug|Win32
		{2189758C-578A-CC92-F4F6-A0557F50AE5A}.Release|Win32.ActiveCfg = Release|Win32
		{2189758C-578A-CC92-F4F6-A0557F50AE5A}.Release|Win32.Build.0 = Release|Win32
		{2189758C-578A-CC92-F4F6-A0557F50AE5A}.Template|Win32.ActiveCfg = Template|Win32
		{2189758C-578A-CC92-F4F6-A0557F50AE5A}.Template|Win32.Build.0 = Template|Win32
		{C6093A80-F05C-972F-3A92-D3B7835760F7}.Clean|Win32.ActiveCfg = Template|Win32
		{C6093A80-F05C-972F-3A92-D3B7835760F7}.Clean|Win32.Build.0 = Template|Win32
		{C6093A80-F05C-972F-3A92-D3B7835760F7}.Debug|Win32.ActiveCfg = Debug|Win32
		{C6093A80-F05C-972F-3A92-D3B7835760F7}.Debug|Win32.Build.0 = Debug|Win32
		{C6093A80-F05C-972F-3A92-D3B7835760F7}.Release|Win32.ActiveCfg = Release|Win32
		{C6093A80-F05C-972F-3A92-D3B7835760F7}.Release|Win32.Build.0 = Release|Win32
		{C6093A80-F05C-972F-3A92-D3B7835760F7}.Template|Win32.ActiveCfg = Template|Win32
		{C6093A80-F05C-972F-3A92-D3B7835760F7}.Template|Win32.Build.0 = Template|Win32
		{C677553E-727E-6411-1B97-548227ACDC37}.Clean|Win32.ActiveCfg = Template|Win32
		{C677553E-727E-6411-1B97-548227ACDC37}.Clean|Win32.Build.0 = Template|Win32
		{C677553E-727E-6411-1B97-548227ACDC37}.Debug|Win32.ActiveCfg = Debug|Win32
		{C677553E-727E-6411-1B97-548227ACDC37}.Debug|Win32.Build.0 = Debug|Win32
		{C677553E-727E-6411-1B97-548227ACDC37}.Release|Win32.ActiveCfg = Release|Win32
		{C677553E-727E-6411-1B97-548227ACDC37}.Release|Win32.Build.0 = Release|Win32
		{C677553E-727E-6411-1B97-548227ACDC37}.Template|Win32.ActiveCfg = Template|Win32
		{C677553E-727E-6411-1B97-548227ACDC37}.Template|Win32.Build.0 = Template|Win32
		{68093440-9A82-1DD3-E163-F4B531DBA531}.Clean|Win32.ActiveCfg = Template|Win32
		{68093440-9A82-1DD3-E163-F4B531DBA531}.Clean|Win32.Build.0 = Template|Win32
		{68093440-9A82-1DD3-E163-F4B531DBA531}.Debug|Win32.ActiveCfg = Debug|Win32
		{68093440-9A82-1DD3-E163-F4B531DBA531}.Debug|Win32.Build.0 = Debug|Win32
		{68093440-9A82-1DD3-E163-F4B531DBA531}.Release|Win32.ActiveCfg = Release|Win32
		{68093440-9A82-1DD3-E163-F4B531DBA531}.Release|Win32.Build.0 = Release|Win32
		{68093440-9A82-1DD3-E163-F4B531DBA531}.Template|Win32.ActiveCfg = Template|Win32
		{68093440-9A82-1DD3-E163-F4B531DBA531}.Template|Win32.Build.0 = Template|Win32
		{FB08C9F2-CE67-9DC7-3785-33B71E4537FB}.Clean|Win32.ActiveCfg = Template|Win32
		{FB08C9F2-CE67-9DC7-3785-33B71E4537FB}.Clean|Win32.Build.0 = Template|Win32
		{FB08C9F2-CE67-9DC7-3785-33B71E4537FB}.Debug|Win32.ActiveCfg = Debug|Win32
		{FB08C9F2-CE67-9DC7-3785-33B71E4537FB}.Debug|Win32.Build.0 = Debug|Win32
		{FB08C9F2-CE67-9DC7-3785-33B71E4537FB}.Release|Win32.ActiveCfg = Release|Win32
		{FB08C9F2-CE67-9DC7-3785-33B71E4537FB}.Release|Win32.Build.0 = Release|Win32
		{FB08C9F2-CE67-9DC7-3785-33B71E4537FB}.Template|Win32.ActiveCfg = Template|Win32
		{FB08C9F2-CE67-9DC7-3785-33B71E4537FB}.Template|Win32.Build.0 = Template|Win32
		{AC807AA0-C420-6037-D09C-E4F3B32CCDDE}.Clean|Win32.ActiveCfg = Template|Win32
		{AC807AA0-C420-6037-D09C-E4F3B32CCDDE}.Clean|Win32.Build.0 = Template|Win32
		{AC807AA0-C420-6037-D09C-E4F3B32CCDDE}.Debug|Win32.ActiveCfg = Debug|Win32
		{AC807AA0-C420-6037-D09C-E4F3B32CCDDE}.Debug|Win32.Build.0 = Debug|Win32
		{AC807AA0-C420-6037-D09C-E4F3B32CCDDE}.Release|Win32.ActiveCfg = Release|Win32
		{AC807AA0-C420-6037-D09C-E4F3B32CCDDE}.Release|Win32.Build.0 = Release|Win32
		{AC807AA0-C420-6037-D09C-E4F3B32CCDDE}.Template|Win32.ActiveCfg = Template|Win32
		{AC807AA0-C420-6037-D09C-E4F3B32CCDDE}.Template|Win32.Build.0 = Template|Win32
		{2419A48D-7FFB-0B22-C769-AE654CE8E423}.Clean|Win32.ActiveCfg = Template|Win32
		{2419A48D-7FFB-0B22-C769-AE654CE8E423}.Clean|Win32.Build.0 = Template|Win32
		{2419A48D-7FFB-0B22-C769-AE654CE8E423}.Debug|Win32.ActiveCfg = Debug|Win32
		{2419A48D-7FFB-0B22-C769-AE654CE8E423}.Debug|Win32.Build.0 = Debug|Win32
		{2419A48D-7FFB-0B22-C769-AE654CE8E423}.Release|Win32.ActiveCfg = Release|Win32
		{2419A48D-7FFB-0B22-C769-AE654CE8E423}.Release|Win32.Build.0 = Release|Win32
		{2419A48D-7FFB-0B22-C769-AE654CE8E423}.Template|Win32.ActiveCfg = Template|Win32
		{2419A48D-7FFB-0B22-C769-AE654CE8E423}.Template|Win32.Build.0 = Template|Win32
		{67054DDD-E48E-20CD-A98D-1DD38C590B84}.Clean|Win32.ActiveCfg = Template|Win32
		{67054DDD-E48E-20CD-A98D-1DD38C590B84}.Clean|Win32.Build.0 = Template|Win32
		{67054DDD-E48E-20CD-A98D-1DD38C590B84}.Debug|Win32.ActiveCfg = Debug|Win32
		{67054DDD-E48E-20CD-A98D-1DD38C590B84}.Debug|Win32.Build.0 = Debug|Win32
		{67054DDD-E48E-20CD-A98D-1DD38C590B84}.Release|Win32.ActiveCfg = Release|Win32
		{67054DDD-E48E-20CD-A98D-1DD38C590B84}.Release|Win32.Build.0 = Release|Win32
		{67054DDD-E48E-20CD-A98D-1DD38C590B84}.Template|Win32.ActiveCfg = Template|Win32
		{67054DDD-E48E-20CD-A98D-1DD38C590B84}.Template|Win32.Build.0 = Template|Win32
		{ADCCD827-70D1-E48C-9D75-357494B549F8}.Clean|Win32.ActiveCfg = Template|Win32
		{ADCCD827-70D1-E48C-9D75-357494B549F8}.Clean|Win32.Build.0 = Template|Win32
		{ADCCD827-70D1-E48C-9D75-357494B549F8}.Debug|Win32.ActiveCfg = Debug|Win32
		{ADCCD827-70D1-E48C-9D75-357494B549F8}.Debug|Win32.Build.0 = Debug|Win32
		{ADCCD827-70D1-E48C-9D75-357494B549F8}.Release|Win32.ActiveCfg = Release|Win32
		{ADCCD827-70D1-E48C-9D75-357494B549F8}.Release|Win32.Build.0 = Release|Win32
		{ADCCD827-70D1-E48C-9D75-357494B549F8}.Template|Win32.ActiveCfg = Template|Win32
		{ADCCD827-70D1-E48C-9D75-357494B549F8}.Template|Win32.Build.0 = Template|Win32
		{6C724D39-BDD4-98D6-3236-637DF9595208}.Clean|Win32.ActiveCfg = Template|Win32
		{6C724D39-BDD4-98D6-3236-637DF9595208}.Clean|Win32.Build.0 = Template|Win32
		{6C724D39-BDD4-98D6-3236-637DF9595208}.Debug|Win32.ActiveCfg = Debug|Win32
		{6C724D39-BDD4-98D6-3236-637DF9595208}.Debug|Win32.Build.0 = Debug|Win32
		{6C724D39-BDD4-98D6-3236-637DF9595208}.Release|Win32.ActiveCfg = Release|Win32
		{6C724D39-BDD4-98D6-3236-637DF9595208}.Release|Win32.Build.0 = Release|Win32
		{6C724D39-BDD4-98D6-3236-637DF9595208}.Template|Win32.ActiveCfg = Template|Win32
		{6C724D39-BDD4-98D6-3236-637DF9595208}.Template|Win32.Build.0 = Template|Win32
		{F850E7DB-5C09-25C0-F6F3-8EBB7B4C4CCF}.Clean|Win32.ActiveCfg = Template|Win32
		{F850E7DB-5C09-25C0-F6F3-8EBB7B4C4CCF}.Clean|Win32.Build.0 = Template|Win32
		{F850E7DB-5C09-25C0-F6F3-8EBB7B4C4CCF}.Debug|Win32.ActiveCfg = Debug|Win32
		{F850E7DB-5C09-25C0-F6F3-8EBB7B4C4CCF}.Debug|Win32.Build.0 = Debug|Win32
		{F850E7DB-5C09-25C0-F6F3-8EBB7B4C4CCF}.Release|Win32.ActiveCfg = Release|Win32
		{F850E7DB-5C09-25C0-F6F3-8EBB7B4C4CCF}.Release|Win32.Build.0 = Release|Win32
		{F850E7DB-5C09-25C0-F6F3-8EBB7B4C4CCF}.Template|Win32.ActiveCfg = Template|Win32
		{F850E7DB-5C09-25C0-F6F3-8EBB7B4C4CCF}.Template|Win32.Build.0 = Template|Win32
		{8765E867-A958-EA11-3B91-2D0D7DC9C760}.Clean|Win32.ActiveCfg = Template|Win32
		{8765E867-A958-EA11-3B91-2D0D7DC9C760}.Clean|Win32.Build.0 = Template|Win32
		{8765E867-A958-EA11-3B91-2D0D7DC9C760}.Debug|Win32.ActiveCfg = Debug|Win32
		{8765E867-A958-EA11-3B91-2D0D7DC9C760}.Debug|Win32.Build.0 = Debug|Win32
		{8765E867-A958-EA11-3B91-2D0D7DC9C760}.Release|Win32.ActiveCfg = Release|Win32
		{8765E867-A958-EA11-3B91-2D0D7DC9C760}.Release|Win32.Build.0 = Release|Win32
		{8765E867-A958-EA11-3B91-2D0D7DC9C760}.Template|Win32.ActiveCfg = Template|Win32
		{8765E867-A958-EA11-3B91-2D0D7DC9C760}.Template|Win32.Build.0 = Template|Win32
		{F3E0C933-CDE5-13B1-05D0-047E5421D201}.Clean|Win32.ActiveCfg = Template|Win32
		{F3E0C933-CDE5-13B1-05D0-047E5421D201}.Clean|Win32.Build.0 = Template|Win32
		{F3E0C933-CDE5-13B1-05D0-047E5421D201}.Debug|Win32.ActiveCfg = Debug|Win32
		{F3E0C933-CDE5-13B1-05D0-047E5421D201}.Debug|Win32.Build.0 = Debug|Win32
		{F3E0C933-CDE5-13B1-05D0-047E5421D201}.Release|Win32.ActiveCfg = Release|Win32
		{F3E0C933-CDE5-13B1-05D0-047E5421D201}.Release|Win32.Build.0 = Release|Win32
		{F3E0C933-CDE5-13B1-05D0-047E5421D201}.Template|Win32.ActiveCfg = Template|Win32
		{F3E0C933-CDE5-13B1-05D0-047E5421D201}.Template|Win32.Build.0 = Template|Win32
	EndGlobalSection
	GlobalSection(SolutionProperties) = preSolution
		HideSolutionNode = FALSE
	EndGlobalSection
EndGlobal
