
Microsoft Visual Studio Solution File, Format Version 11.00
# Visual C++ Express 2010
Project("{8BC9CEB8-8B4A-11D0-8D11-00A0C91BC942}") = "AOI_test", "AOI_test\AOI_test.vcxproj", "{4EB9E488-5C0D-4004-94D3-1A0EE118552C}"
EndProject
Global
	GlobalSection(SolutionConfigurationPlatforms) = preSolution
		Debug|Win32 = Debug|Win32
		Debug|x64 = Debug|x64
		Release_not_implemented|Win32 = Release_not_implemented|Win32
		Release_not_implemented|x64 = Release_not_implemented|x64
	EndGlobalSection
	GlobalSection(ProjectConfigurationPlatforms) = postSolution
		{4EB9E488-5C0D-4004-94D3-1A0EE118552C}.Debug|Win32.ActiveCfg = Debug|Win32
		{4EB9E488-5C0D-4004-94D3-1A0EE118552C}.Debug|Win32.Build.0 = Debug|Win32
		{4EB9E488-5C0D-4004-94D3-1A0EE118552C}.Debug|x64.ActiveCfg = Debug|x64
		{4EB9E488-5C0D-4004-94D3-1A0EE118552C}.Debug|x64.Build.0 = Debug|x64
		{4EB9E488-5C0D-4004-94D3-1A0EE118552C}.Release_not_implemented|Win32.ActiveCfg = Release|Win32
		{4EB9E488-5C0D-4004-94D3-1A0EE118552C}.Release_not_implemented|Win32.Build.0 = Release|Win32
		{4EB9E488-5C0D-4004-94D3-1A0EE118552C}.Release_not_implemented|x64.ActiveCfg = Release|x64
		{4EB9E488-5C0D-4004-94D3-1A0EE118552C}.Release_not_implemented|x64.Build.0 = Release|x64
	EndGlobalSection
	GlobalSection(SolutionProperties) = preSolution
		HideSolutionNode = FALSE
	EndGlobalSection
EndGlobal
